// !$*UTF8*$!
{
	archiveVersion = 1;
	classes = {
	};
	objectVersion = 46;
	objects = {

/* Begin PBXBuildFile section */
		091EA47B1857D49A00827640 /* ADEditionDetailVC.m in Sources */ = {isa = PBXBuildFile; fileRef = 091EA46E1857D49A00827640 /* ADEditionDetailVC.m */; };
		091EA47C1857D49A00827640 /* ADEditionEditVC.m in Sources */ = {isa = PBXBuildFile; fileRef = 091EA4701857D49A00827640 /* ADEditionEditVC.m */; };
		091EA47D1857D49A00827640 /* ADEditionRootVC.m in Sources */ = {isa = PBXBuildFile; fileRef = 091EA4721857D49A00827640 /* ADEditionRootVC.m */; };
		091EA47E1857D49A00827640 /* ADIdentityTVC.m in Sources */ = {isa = PBXBuildFile; fileRef = 091EA4731857D49A00827640 /* ADIdentityTVC.m */; };
		091EA47F1857D49A00827640 /* ADMasterViewController.m in Sources */ = {isa = PBXBuildFile; fileRef = 091EA4741857D49A00827640 /* ADMasterViewController.m */; };
		091EA4801857D49A00827640 /* ADDetailViewController.m in Sources */ = {isa = PBXBuildFile; fileRef = 091EA4761857D49A00827640 /* ADDetailViewController.m */; };
		091EA4811857D49A00827640 /* ADPhotoCollectionVC.m in Sources */ = {isa = PBXBuildFile; fileRef = 091EA47A1857D49A00827640 /* ADPhotoCollectionVC.m */; };
		091EA48718587CBB00827640 /* AD_iPad.storyboard in Resources */ = {isa = PBXBuildFile; fileRef = 091EA48518587CBB00827640 /* AD_iPad.storyboard */; };
		091EA48D18591A2200827640 /* Identity.m in Sources */ = {isa = PBXBuildFile; fileRef = 091EA48C18591A2200827640 /* Identity.m */; };
		093A0D6718304D1C00093ABD /* Foundation.framework in Frameworks */ = {isa = PBXBuildFile; fileRef = 093A0D6618304D1C00093ABD /* Foundation.framework */; };
		093A0D6918304D1C00093ABD /* CoreGraphics.framework in Frameworks */ = {isa = PBXBuildFile; fileRef = 093A0D6818304D1C00093ABD /* CoreGraphics.framework */; };
		093A0D6B18304D1C00093ABD /* UIKit.framework in Frameworks */ = {isa = PBXBuildFile; fileRef = 093A0D6A18304D1C00093ABD /* UIKit.framework */; };
		093A0D7118304D1C00093ABD /* InfoPlist.strings in Resources */ = {isa = PBXBuildFile; fileRef = 093A0D6F18304D1C00093ABD /* InfoPlist.strings */; };
		093A0D7318304D1C00093ABD /* main.m in Sources */ = {isa = PBXBuildFile; fileRef = 093A0D7218304D1C00093ABD /* main.m */; };
		093A0D7718304D1C00093ABD /* MAAppDelegate.m in Sources */ = {isa = PBXBuildFile; fileRef = 093A0D7618304D1C00093ABD /* MAAppDelegate.m */; };
		093A0D8218304D1C00093ABD /* Images.xcassets in Resources */ = {isa = PBXBuildFile; fileRef = 093A0D8118304D1C00093ABD /* Images.xcassets */; };
		093A0D8918304D1C00093ABD /* XCTest.framework in Frameworks */ = {isa = PBXBuildFile; fileRef = 093A0D8818304D1C00093ABD /* XCTest.framework */; };
		093A0D8A18304D1C00093ABD /* Foundation.framework in Frameworks */ = {isa = PBXBuildFile; fileRef = 093A0D6618304D1C00093ABD /* Foundation.framework */; };
		093A0D8B18304D1C00093ABD /* UIKit.framework in Frameworks */ = {isa = PBXBuildFile; fileRef = 093A0D6A18304D1C00093ABD /* UIKit.framework */; };
		093A0D9318304D1C00093ABD /* InfoPlist.strings in Resources */ = {isa = PBXBuildFile; fileRef = 093A0D9118304D1C00093ABD /* InfoPlist.strings */; };
		093A0D9518304D1C00093ABD /* makeMyMouthWaterTests.m in Sources */ = {isa = PBXBuildFile; fileRef = 093A0D9418304D1C00093ABD /* makeMyMouthWaterTests.m */; };
		093A0DBE18304EA000093ABD /* LOLoginVC.m in Sources */ = {isa = PBXBuildFile; fileRef = 093A0DBA18304EA000093ABD /* LOLoginVC.m */; };
		093A0DBF18304EA000093ABD /* LORegisterVC.m in Sources */ = {isa = PBXBuildFile; fileRef = 093A0DBC18304EA000093ABD /* LORegisterVC.m */; };
		093A0DC118304EE800093ABD /* Parse.framework in Frameworks */ = {isa = PBXBuildFile; fileRef = 093A0DC018304EE800093ABD /* Parse.framework */; };
		093A0DC318304F5500093ABD /* AudioToolbox.framework in Frameworks */ = {isa = PBXBuildFile; fileRef = 093A0DC218304F5500093ABD /* AudioToolbox.framework */; };
		093A0DC518304F5C00093ABD /* CFNetwork.framework in Frameworks */ = {isa = PBXBuildFile; fileRef = 093A0DC418304F5C00093ABD /* CFNetwork.framework */; };
		093A0DC718304F6D00093ABD /* CoreLocation.framework in Frameworks */ = {isa = PBXBuildFile; fileRef = 093A0DC618304F6D00093ABD /* CoreLocation.framework */; };
		093A0DC918304F7600093ABD /* libz.1.1.3.dylib in Frameworks */ = {isa = PBXBuildFile; fileRef = 093A0DC818304F7600093ABD /* libz.1.1.3.dylib */; };
		093A0DCB18304F7F00093ABD /* MobileCoreServices.framework in Frameworks */ = {isa = PBXBuildFile; fileRef = 093A0DCA18304F7F00093ABD /* MobileCoreServices.framework */; };
		093A0DCD18304F8800093ABD /* QuartzCore.framework in Frameworks */ = {isa = PBXBuildFile; fileRef = 093A0DCC18304F8800093ABD /* QuartzCore.framework */; };
		093A0DCF18304F9500093ABD /* Security.framework in Frameworks */ = {isa = PBXBuildFile; fileRef = 093A0DCE18304F9500093ABD /* Security.framework */; };
		093A0DD118304F9C00093ABD /* StoreKit.framework in Frameworks */ = {isa = PBXBuildFile; fileRef = 093A0DD018304F9C00093ABD /* StoreKit.framework */; };
		093A0DD318304FA700093ABD /* SystemConfiguration.framework in Frameworks */ = {isa = PBXBuildFile; fileRef = 093A0DD218304FA700093ABD /* SystemConfiguration.framework */; };
		093A59CC183240DB00CA1640 /* AFHTTPRequestOperation.m in Sources */ = {isa = PBXBuildFile; fileRef = 093A59BA183240DB00CA1640 /* AFHTTPRequestOperation.m */; };
		093A59CD183240DB00CA1640 /* AFHTTPRequestOperationManager.m in Sources */ = {isa = PBXBuildFile; fileRef = 093A59BC183240DB00CA1640 /* AFHTTPRequestOperationManager.m */; };
		093A59CE183240DB00CA1640 /* AFHTTPSessionManager.m in Sources */ = {isa = PBXBuildFile; fileRef = 093A59BE183240DB00CA1640 /* AFHTTPSessionManager.m */; };
		093A59CF183240DB00CA1640 /* AFNetworkReachabilityManager.m in Sources */ = {isa = PBXBuildFile; fileRef = 093A59C1183240DB00CA1640 /* AFNetworkReachabilityManager.m */; };
		093A59D0183240DB00CA1640 /* AFSecurityPolicy.m in Sources */ = {isa = PBXBuildFile; fileRef = 093A59C3183240DB00CA1640 /* AFSecurityPolicy.m */; };
		093A59D1183240DB00CA1640 /* AFURLConnectionOperation.m in Sources */ = {isa = PBXBuildFile; fileRef = 093A59C5183240DB00CA1640 /* AFURLConnectionOperation.m */; };
		093A59D2183240DB00CA1640 /* AFURLRequestSerialization.m in Sources */ = {isa = PBXBuildFile; fileRef = 093A59C7183240DB00CA1640 /* AFURLRequestSerialization.m */; };
		093A59D3183240DB00CA1640 /* AFURLResponseSerialization.m in Sources */ = {isa = PBXBuildFile; fileRef = 093A59C9183240DB00CA1640 /* AFURLResponseSerialization.m */; };
		093A59D4183240DB00CA1640 /* AFURLSessionManager.m in Sources */ = {isa = PBXBuildFile; fileRef = 093A59CB183240DB00CA1640 /* AFURLSessionManager.m */; };
		093A59E5183240FB00CA1640 /* AFNetworkActivityIndicatorManager.m in Sources */ = {isa = PBXBuildFile; fileRef = 093A59D7183240FB00CA1640 /* AFNetworkActivityIndicatorManager.m */; };
		093A59E6183240FB00CA1640 /* UIActivityIndicatorView+AFNetworking.m in Sources */ = {isa = PBXBuildFile; fileRef = 093A59D9183240FB00CA1640 /* UIActivityIndicatorView+AFNetworking.m */; };
		093A59E7183240FB00CA1640 /* UIAlertView+AFNetworking.m in Sources */ = {isa = PBXBuildFile; fileRef = 093A59DB183240FB00CA1640 /* UIAlertView+AFNetworking.m */; };
		093A59E8183240FB00CA1640 /* UIButton+AFNetworking.m in Sources */ = {isa = PBXBuildFile; fileRef = 093A59DD183240FB00CA1640 /* UIButton+AFNetworking.m */; };
		093A59E9183240FB00CA1640 /* UIImageView+AFNetworking.m in Sources */ = {isa = PBXBuildFile; fileRef = 093A59DF183240FB00CA1640 /* UIImageView+AFNetworking.m */; };
		093A59EA183240FB00CA1640 /* UIProgressView+AFNetworking.m in Sources */ = {isa = PBXBuildFile; fileRef = 093A59E2183240FB00CA1640 /* UIProgressView+AFNetworking.m */; };
		093A59EB183240FB00CA1640 /* UIWebView+AFNetworking.m in Sources */ = {isa = PBXBuildFile; fileRef = 093A59E4183240FB00CA1640 /* UIWebView+AFNetworking.m */; };
		093A59FA1833B20900CA1640 /* SYSyncEngine.m in Sources */ = {isa = PBXBuildFile; fileRef = 093A59F91833B20900CA1640 /* SYSyncEngine.m */; };
		093A59FD1833D30600CA1640 /* SYCoreDataStackWithSyncStuff.m in Sources */ = {isa = PBXBuildFile; fileRef = 093A59FC1833D30600CA1640 /* SYCoreDataStackWithSyncStuff.m */; };
		093C4A181845FDBF00858D93 /* LOInterfaceController.m in Sources */ = {isa = PBXBuildFile; fileRef = 093C4A171845FDBF00858D93 /* LOInterfaceController.m */; };
		093D98271844B25200C8070C /* barLandscape.png in Resources */ = {isa = PBXBuildFile; fileRef = 093D98191844B25200C8070C /* barLandscape.png */; };
		093D98281844B25200C8070C /* barPortrait.png in Resources */ = {isa = PBXBuildFile; fileRef = 093D981A1844B25200C8070C /* barPortrait.png */; };
		093D98291844B25200C8070C /* bottleLandscape.png in Resources */ = {isa = PBXBuildFile; fileRef = 093D981B1844B25200C8070C /* bottleLandscape.png */; };
		093D982A1844B25200C8070C /* bottlePortrait.png in Resources */ = {isa = PBXBuildFile; fileRef = 093D981C1844B25200C8070C /* bottlePortrait.png */; };
		093D982B1844B25200C8070C /* coverLandscape.png in Resources */ = {isa = PBXBuildFile; fileRef = 093D981D1844B25200C8070C /* coverLandscape.png */; };
		093D982C1844B25200C8070C /* coverPortrait.png in Resources */ = {isa = PBXBuildFile; fileRef = 093D981E1844B25200C8070C /* coverPortrait.png */; };
		093D982D1844B25200C8070C /* cuisineLandscape.png in Resources */ = {isa = PBXBuildFile; fileRef = 093D981F1844B25200C8070C /* cuisineLandscape.png */; };
		093D982E1844B25200C8070C /* cuisinePortrait.png in Resources */ = {isa = PBXBuildFile; fileRef = 093D98201844B25200C8070C /* cuisinePortrait.png */; };
		093D982F1844B25200C8070C /* tableLandscape.png in Resources */ = {isa = PBXBuildFile; fileRef = 093D98211844B25200C8070C /* tableLandscape.png */; };
		093D98301844B25200C8070C /* tablePortrait.png in Resources */ = {isa = PBXBuildFile; fileRef = 093D98221844B25200C8070C /* tablePortrait.png */; };
		093D98311844B25200C8070C /* ODChildVC.m in Sources */ = {isa = PBXBuildFile; fileRef = 093D98251844B25200C8070C /* ODChildVC.m */; };
		093D98321844B25200C8070C /* ODViewController.m in Sources */ = {isa = PBXBuildFile; fileRef = 093D98261844B25200C8070C /* ODViewController.m */; };
		093D985318455D5F00C8070C /* ODIntroTutoInterfaceController.m in Sources */ = {isa = PBXBuildFile; fileRef = 093D985218455D5F00C8070C /* ODIntroTutoInterfaceController.m */; };
		097046ED1845799600072098 /* introTuto_iPad.storyboard in Resources */ = {isa = PBXBuildFile; fileRef = 097046EB1845799600072098 /* introTuto_iPad.storyboard */; };
		097CFFA118368F6900F5FAFF /* SYHTTPClient.m in Sources */ = {isa = PBXBuildFile; fileRef = 097CFFA018368F6900F5FAFF /* SYHTTPClient.m */; };
		0985BCEB1831972800424307 /* EDDetailVC.m in Sources */ = {isa = PBXBuildFile; fileRef = 0985BCE21831972800424307 /* EDDetailVC.m */; };
		0985BCEC1831972800424307 /* EDEditVC.m in Sources */ = {isa = PBXBuildFile; fileRef = 0985BCE31831972800424307 /* EDEditVC.m */; };
		0985BCED1831972800424307 /* EDAddVC.m in Sources */ = {isa = PBXBuildFile; fileRef = 0985BCE41831972800424307 /* EDAddVC.m */; };
		0985BCF41831975600424307 /* DBCoreDataStack.m in Sources */ = {isa = PBXBuildFile; fileRef = 0985BCF11831975600424307 /* DBCoreDataStack.m */; };
		0985BCF51831975600424307 /* menuCoreDataModel.xcdatamodeld in Sources */ = {isa = PBXBuildFile; fileRef = 0985BCF21831975600424307 /* menuCoreDataModel.xcdatamodeld */; };
		0985BCF71831979F00424307 /* EDRootVC.m in Sources */ = {isa = PBXBuildFile; fileRef = 0985BCF61831979F00424307 /* EDRootVC.m */; };
		0985BCFD1831981B00424307 /* SquareMenuAd.m in Sources */ = {isa = PBXBuildFile; fileRef = 0985BCFC1831981B00424307 /* SquareMenuAd.m */; };
		0985BD001831981B00424307 /* Drink.m in Sources */ = {isa = PBXBuildFile; fileRef = 0985BCFF1831981B00424307 /* Drink.m */; };
		0985BD031831981B00424307 /* CategoryDrink.m in Sources */ = {isa = PBXBuildFile; fileRef = 0985BD021831981B00424307 /* CategoryDrink.m */; };
		0985BD1318319D8B00424307 /* login_iPad.storyboard in Resources */ = {isa = PBXBuildFile; fileRef = 0985BD0F18319D8B00424307 /* login_iPad.storyboard */; };
		0985BD1418319D8B00424307 /* login_iPhone.storyboard in Resources */ = {isa = PBXBuildFile; fileRef = 0985BD1118319D8B00424307 /* login_iPhone.storyboard */; };
		0985BD351831AE4B00424307 /* editionTableView_iPad.storyboard in Resources */ = {isa = PBXBuildFile; fileRef = 0985BD2A1831A27800424307 /* editionTableView_iPad.storyboard */; };
		0985BD361831AE5400424307 /* editionTableView_iPhone.storyboard in Resources */ = {isa = PBXBuildFile; fileRef = 0985BD231831A25100424307 /* editionTableView_iPhone.storyboard */; };
/* End PBXBuildFile section */

/* Begin PBXContainerItemProxy section */
		093A0D8C18304D1C00093ABD /* PBXContainerItemProxy */ = {
			isa = PBXContainerItemProxy;
			containerPortal = 093A0D5B18304D1C00093ABD /* Project object */;
			proxyType = 1;
			remoteGlobalIDString = 093A0D6218304D1C00093ABD;
			remoteInfo = makeMyMouthWater;
		};
/* End PBXContainerItemProxy section */

/* Begin PBXFileReference section */
		091EA46D1857D49A00827640 /* ADEditionDetailVC.h */ = {isa = PBXFileReference; fileEncoding = 4; lastKnownFileType = sourcecode.c.h; name = ADEditionDetailVC.h; path = ../../AdministrationInterface/AdministrationInterface/ADEditionDetailVC.h; sourceTree = "<group>"; };
		091EA46E1857D49A00827640 /* ADEditionDetailVC.m */ = {isa = PBXFileReference; fileEncoding = 4; lastKnownFileType = sourcecode.c.objc; name = ADEditionDetailVC.m; path = ../../AdministrationInterface/AdministrationInterface/ADEditionDetailVC.m; sourceTree = "<group>"; };
		091EA46F1857D49A00827640 /* ADEditionEditVC.h */ = {isa = PBXFileReference; fileEncoding = 4; lastKnownFileType = sourcecode.c.h; name = ADEditionEditVC.h; path = ../../AdministrationInterface/AdministrationInterface/ADEditionEditVC.h; sourceTree = "<group>"; };
		091EA4701857D49A00827640 /* ADEditionEditVC.m */ = {isa = PBXFileReference; fileEncoding = 4; lastKnownFileType = sourcecode.c.objc; name = ADEditionEditVC.m; path = ../../AdministrationInterface/AdministrationInterface/ADEditionEditVC.m; sourceTree = "<group>"; };
		091EA4711857D49A00827640 /* ADEditionRootVC.h */ = {isa = PBXFileReference; fileEncoding = 4; lastKnownFileType = sourcecode.c.h; name = ADEditionRootVC.h; path = ../../AdministrationInterface/AdministrationInterface/ADEditionRootVC.h; sourceTree = "<group>"; };
		091EA4721857D49A00827640 /* ADEditionRootVC.m */ = {isa = PBXFileReference; fileEncoding = 4; lastKnownFileType = sourcecode.c.objc; name = ADEditionRootVC.m; path = ../../AdministrationInterface/AdministrationInterface/ADEditionRootVC.m; sourceTree = "<group>"; };
		091EA4731857D49A00827640 /* ADIdentityTVC.m */ = {isa = PBXFileReference; fileEncoding = 4; lastKnownFileType = sourcecode.c.objc; name = ADIdentityTVC.m; path = ../../AdministrationInterface/AdministrationInterface/ADIdentityTVC.m; sourceTree = "<group>"; };
		091EA4741857D49A00827640 /* ADMasterViewController.m */ = {isa = PBXFileReference; fileEncoding = 4; lastKnownFileType = sourcecode.c.objc; name = ADMasterViewController.m; path = ../../AdministrationInterface/AdministrationInterface/ADMasterViewController.m; sourceTree = "<group>"; };
		091EA4751857D49A00827640 /* ADDetailViewController.h */ = {isa = PBXFileReference; fileEncoding = 4; lastKnownFileType = sourcecode.c.h; name = ADDetailViewController.h; path = ../../AdministrationInterface/AdministrationInterface/ADDetailViewController.h; sourceTree = "<group>"; };
		091EA4761857D49A00827640 /* ADDetailViewController.m */ = {isa = PBXFileReference; fileEncoding = 4; lastKnownFileType = sourcecode.c.objc; name = ADDetailViewController.m; path = ../../AdministrationInterface/AdministrationInterface/ADDetailViewController.m; sourceTree = "<group>"; };
		091EA4771857D49A00827640 /* ADIdentityTVC.h */ = {isa = PBXFileReference; fileEncoding = 4; lastKnownFileType = sourcecode.c.h; name = ADIdentityTVC.h; path = ../../AdministrationInterface/AdministrationInterface/ADIdentityTVC.h; sourceTree = "<group>"; };
		091EA4781857D49A00827640 /* ADMasterViewController.h */ = {isa = PBXFileReference; fileEncoding = 4; lastKnownFileType = sourcecode.c.h; name = ADMasterViewController.h; path = ../../AdministrationInterface/AdministrationInterface/ADMasterViewController.h; sourceTree = "<group>"; };
		091EA4791857D49A00827640 /* ADPhotoCollectionVC.h */ = {isa = PBXFileReference; fileEncoding = 4; lastKnownFileType = sourcecode.c.h; name = ADPhotoCollectionVC.h; path = ../../AdministrationInterface/AdministrationInterface/ADPhotoCollectionVC.h; sourceTree = "<group>"; };
		091EA47A1857D49A00827640 /* ADPhotoCollectionVC.m */ = {isa = PBXFileReference; fileEncoding = 4; lastKnownFileType = sourcecode.c.objc; name = ADPhotoCollectionVC.m; path = ../../AdministrationInterface/AdministrationInterface/ADPhotoCollectionVC.m; sourceTree = "<group>"; };
		091EA48618587CBB00827640 /* Base */ = {isa = PBXFileReference; lastKnownFileType = file.storyboard; name = Base; path = ../../AdministrationInterface/AdministrationInterface/Base.lproj/AD_iPad.storyboard; sourceTree = "<group>"; };
		091EA48B18591A2200827640 /* Identity.h */ = {isa = PBXFileReference; fileEncoding = 4; lastKnownFileType = sourcecode.c.h; path = Identity.h; sourceTree = "<group>"; };
		091EA48C18591A2200827640 /* Identity.m */ = {isa = PBXFileReference; fileEncoding = 4; lastKnownFileType = sourcecode.c.objc; path = Identity.m; sourceTree = "<group>"; };
		093A0D6318304D1C00093ABD /* makeMyMouthWater.app */ = {isa = PBXFileReference; explicitFileType = wrapper.application; includeInIndex = 0; path = makeMyMouthWater.app; sourceTree = BUILT_PRODUCTS_DIR; };
		093A0D6618304D1C00093ABD /* Foundation.framework */ = {isa = PBXFileReference; lastKnownFileType = wrapper.framework; name = Foundation.framework; path = System/Library/Frameworks/Foundation.framework; sourceTree = SDKROOT; };
		093A0D6818304D1C00093ABD /* CoreGraphics.framework */ = {isa = PBXFileReference; lastKnownFileType = wrapper.framework; name = CoreGraphics.framework; path = System/Library/Frameworks/CoreGraphics.framework; sourceTree = SDKROOT; };
		093A0D6A18304D1C00093ABD /* UIKit.framework */ = {isa = PBXFileReference; lastKnownFileType = wrapper.framework; name = UIKit.framework; path = System/Library/Frameworks/UIKit.framework; sourceTree = SDKROOT; };
		093A0D6E18304D1C00093ABD /* makeMyMouthWater-Info.plist */ = {isa = PBXFileReference; lastKnownFileType = text.plist.xml; path = "makeMyMouthWater-Info.plist"; sourceTree = "<group>"; };
		093A0D7018304D1C00093ABD /* en */ = {isa = PBXFileReference; lastKnownFileType = text.plist.strings; name = en; path = en.lproj/InfoPlist.strings; sourceTree = "<group>"; };
		093A0D7218304D1C00093ABD /* main.m */ = {isa = PBXFileReference; lastKnownFileType = sourcecode.c.objc; path = main.m; sourceTree = "<group>"; };
		093A0D7418304D1C00093ABD /* makeMyMouthWater-Prefix.pch */ = {isa = PBXFileReference; lastKnownFileType = sourcecode.c.h; path = "makeMyMouthWater-Prefix.pch"; sourceTree = "<group>"; };
		093A0D7518304D1C00093ABD /* MAAppDelegate.h */ = {isa = PBXFileReference; lastKnownFileType = sourcecode.c.h; path = MAAppDelegate.h; sourceTree = "<group>"; };
		093A0D7618304D1C00093ABD /* MAAppDelegate.m */ = {isa = PBXFileReference; lastKnownFileType = sourcecode.c.objc; path = MAAppDelegate.m; sourceTree = "<group>"; };
		093A0D8118304D1C00093ABD /* Images.xcassets */ = {isa = PBXFileReference; lastKnownFileType = folder.assetcatalog; path = Images.xcassets; sourceTree = "<group>"; };
		093A0D8718304D1C00093ABD /* makeMyMouthWaterTests.xctest */ = {isa = PBXFileReference; explicitFileType = wrapper.cfbundle; includeInIndex = 0; path = makeMyMouthWaterTests.xctest; sourceTree = BUILT_PRODUCTS_DIR; };
		093A0D8818304D1C00093ABD /* XCTest.framework */ = {isa = PBXFileReference; lastKnownFileType = wrapper.framework; name = XCTest.framework; path = Library/Frameworks/XCTest.framework; sourceTree = DEVELOPER_DIR; };
		093A0D9018304D1C00093ABD /* makeMyMouthWaterTests-Info.plist */ = {isa = PBXFileReference; lastKnownFileType = text.plist.xml; path = "makeMyMouthWaterTests-Info.plist"; sourceTree = "<group>"; };
		093A0D9218304D1C00093ABD /* en */ = {isa = PBXFileReference; lastKnownFileType = text.plist.strings; name = en; path = en.lproj/InfoPlist.strings; sourceTree = "<group>"; };
		093A0D9418304D1C00093ABD /* makeMyMouthWaterTests.m */ = {isa = PBXFileReference; lastKnownFileType = sourcecode.c.objc; path = makeMyMouthWaterTests.m; sourceTree = "<group>"; };
		093A0DB918304EA000093ABD /* LOLoginVC.h */ = {isa = PBXFileReference; fileEncoding = 4; lastKnownFileType = sourcecode.c.h; path = LOLoginVC.h; sourceTree = "<group>"; };
		093A0DBA18304EA000093ABD /* LOLoginVC.m */ = {isa = PBXFileReference; fileEncoding = 4; lastKnownFileType = sourcecode.c.objc; path = LOLoginVC.m; sourceTree = "<group>"; };
		093A0DBB18304EA000093ABD /* LORegisterVC.h */ = {isa = PBXFileReference; fileEncoding = 4; lastKnownFileType = sourcecode.c.h; path = LORegisterVC.h; sourceTree = "<group>"; };
		093A0DBC18304EA000093ABD /* LORegisterVC.m */ = {isa = PBXFileReference; fileEncoding = 4; lastKnownFileType = sourcecode.c.objc; path = LORegisterVC.m; sourceTree = "<group>"; };
		093A0DC018304EE800093ABD /* Parse.framework */ = {isa = PBXFileReference; lastKnownFileType = wrapper.framework; path = Parse.framework; sourceTree = "<group>"; };
		093A0DC218304F5500093ABD /* AudioToolbox.framework */ = {isa = PBXFileReference; lastKnownFileType = wrapper.framework; name = AudioToolbox.framework; path = System/Library/Frameworks/AudioToolbox.framework; sourceTree = SDKROOT; };
		093A0DC418304F5C00093ABD /* CFNetwork.framework */ = {isa = PBXFileReference; lastKnownFileType = wrapper.framework; name = CFNetwork.framework; path = System/Library/Frameworks/CFNetwork.framework; sourceTree = SDKROOT; };
		093A0DC618304F6D00093ABD /* CoreLocation.framework */ = {isa = PBXFileReference; lastKnownFileType = wrapper.framework; name = CoreLocation.framework; path = System/Library/Frameworks/CoreLocation.framework; sourceTree = SDKROOT; };
		093A0DC818304F7600093ABD /* libz.1.1.3.dylib */ = {isa = PBXFileReference; lastKnownFileType = "compiled.mach-o.dylib"; name = libz.1.1.3.dylib; path = usr/lib/libz.1.1.3.dylib; sourceTree = SDKROOT; };
		093A0DCA18304F7F00093ABD /* MobileCoreServices.framework */ = {isa = PBXFileReference; lastKnownFileType = wrapper.framework; name = MobileCoreServices.framework; path = System/Library/Frameworks/MobileCoreServices.framework; sourceTree = SDKROOT; };
		093A0DCC18304F8800093ABD /* QuartzCore.framework */ = {isa = PBXFileReference; lastKnownFileType = wrapper.framework; name = QuartzCore.framework; path = System/Library/Frameworks/QuartzCore.framework; sourceTree = SDKROOT; };
		093A0DCE18304F9500093ABD /* Security.framework */ = {isa = PBXFileReference; lastKnownFileType = wrapper.framework; name = Security.framework; path = System/Library/Frameworks/Security.framework; sourceTree = SDKROOT; };
		093A0DD018304F9C00093ABD /* StoreKit.framework */ = {isa = PBXFileReference; lastKnownFileType = wrapper.framework; name = StoreKit.framework; path = System/Library/Frameworks/StoreKit.framework; sourceTree = SDKROOT; };
		093A0DD218304FA700093ABD /* SystemConfiguration.framework */ = {isa = PBXFileReference; lastKnownFileType = wrapper.framework; name = SystemConfiguration.framework; path = System/Library/Frameworks/SystemConfiguration.framework; sourceTree = SDKROOT; };
		093A59B9183240DB00CA1640 /* AFHTTPRequestOperation.h */ = {isa = PBXFileReference; fileEncoding = 4; lastKnownFileType = sourcecode.c.h; path = AFHTTPRequestOperation.h; sourceTree = "<group>"; };
		093A59BA183240DB00CA1640 /* AFHTTPRequestOperation.m */ = {isa = PBXFileReference; fileEncoding = 4; lastKnownFileType = sourcecode.c.objc; path = AFHTTPRequestOperation.m; sourceTree = "<group>"; };
		093A59BB183240DB00CA1640 /* AFHTTPRequestOperationManager.h */ = {isa = PBXFileReference; fileEncoding = 4; lastKnownFileType = sourcecode.c.h; path = AFHTTPRequestOperationManager.h; sourceTree = "<group>"; };
		093A59BC183240DB00CA1640 /* AFHTTPRequestOperationManager.m */ = {isa = PBXFileReference; fileEncoding = 4; lastKnownFileType = sourcecode.c.objc; path = AFHTTPRequestOperationManager.m; sourceTree = "<group>"; };
		093A59BD183240DB00CA1640 /* AFHTTPSessionManager.h */ = {isa = PBXFileReference; fileEncoding = 4; lastKnownFileType = sourcecode.c.h; path = AFHTTPSessionManager.h; sourceTree = "<group>"; };
		093A59BE183240DB00CA1640 /* AFHTTPSessionManager.m */ = {isa = PBXFileReference; fileEncoding = 4; lastKnownFileType = sourcecode.c.objc; path = AFHTTPSessionManager.m; sourceTree = "<group>"; };
		093A59BF183240DB00CA1640 /* AFNetworking.h */ = {isa = PBXFileReference; fileEncoding = 4; lastKnownFileType = sourcecode.c.h; path = AFNetworking.h; sourceTree = "<group>"; };
		093A59C0183240DB00CA1640 /* AFNetworkReachabilityManager.h */ = {isa = PBXFileReference; fileEncoding = 4; lastKnownFileType = sourcecode.c.h; path = AFNetworkReachabilityManager.h; sourceTree = "<group>"; };
		093A59C1183240DB00CA1640 /* AFNetworkReachabilityManager.m */ = {isa = PBXFileReference; fileEncoding = 4; lastKnownFileType = sourcecode.c.objc; path = AFNetworkReachabilityManager.m; sourceTree = "<group>"; };
		093A59C2183240DB00CA1640 /* AFSecurityPolicy.h */ = {isa = PBXFileReference; fileEncoding = 4; lastKnownFileType = sourcecode.c.h; path = AFSecurityPolicy.h; sourceTree = "<group>"; };
		093A59C3183240DB00CA1640 /* AFSecurityPolicy.m */ = {isa = PBXFileReference; fileEncoding = 4; lastKnownFileType = sourcecode.c.objc; path = AFSecurityPolicy.m; sourceTree = "<group>"; };
		093A59C4183240DB00CA1640 /* AFURLConnectionOperation.h */ = {isa = PBXFileReference; fileEncoding = 4; lastKnownFileType = sourcecode.c.h; path = AFURLConnectionOperation.h; sourceTree = "<group>"; };
		093A59C5183240DB00CA1640 /* AFURLConnectionOperation.m */ = {isa = PBXFileReference; fileEncoding = 4; lastKnownFileType = sourcecode.c.objc; path = AFURLConnectionOperation.m; sourceTree = "<group>"; };
		093A59C6183240DB00CA1640 /* AFURLRequestSerialization.h */ = {isa = PBXFileReference; fileEncoding = 4; lastKnownFileType = sourcecode.c.h; path = AFURLRequestSerialization.h; sourceTree = "<group>"; };
		093A59C7183240DB00CA1640 /* AFURLRequestSerialization.m */ = {isa = PBXFileReference; fileEncoding = 4; lastKnownFileType = sourcecode.c.objc; path = AFURLRequestSerialization.m; sourceTree = "<group>"; };
		093A59C8183240DB00CA1640 /* AFURLResponseSerialization.h */ = {isa = PBXFileReference; fileEncoding = 4; lastKnownFileType = sourcecode.c.h; path = AFURLResponseSerialization.h; sourceTree = "<group>"; };
		093A59C9183240DB00CA1640 /* AFURLResponseSerialization.m */ = {isa = PBXFileReference; fileEncoding = 4; lastKnownFileType = sourcecode.c.objc; path = AFURLResponseSerialization.m; sourceTree = "<group>"; };
		093A59CA183240DB00CA1640 /* AFURLSessionManager.h */ = {isa = PBXFileReference; fileEncoding = 4; lastKnownFileType = sourcecode.c.h; path = AFURLSessionManager.h; sourceTree = "<group>"; };
		093A59CB183240DB00CA1640 /* AFURLSessionManager.m */ = {isa = PBXFileReference; fileEncoding = 4; lastKnownFileType = sourcecode.c.objc; path = AFURLSessionManager.m; sourceTree = "<group>"; };
		093A59D6183240FB00CA1640 /* AFNetworkActivityIndicatorManager.h */ = {isa = PBXFileReference; fileEncoding = 4; lastKnownFileType = sourcecode.c.h; path = AFNetworkActivityIndicatorManager.h; sourceTree = "<group>"; };
		093A59D7183240FB00CA1640 /* AFNetworkActivityIndicatorManager.m */ = {isa = PBXFileReference; fileEncoding = 4; lastKnownFileType = sourcecode.c.objc; path = AFNetworkActivityIndicatorManager.m; sourceTree = "<group>"; };
		093A59D8183240FB00CA1640 /* UIActivityIndicatorView+AFNetworking.h */ = {isa = PBXFileReference; fileEncoding = 4; lastKnownFileType = sourcecode.c.h; path = "UIActivityIndicatorView+AFNetworking.h"; sourceTree = "<group>"; };
		093A59D9183240FB00CA1640 /* UIActivityIndicatorView+AFNetworking.m */ = {isa = PBXFileReference; fileEncoding = 4; lastKnownFileType = sourcecode.c.objc; path = "UIActivityIndicatorView+AFNetworking.m"; sourceTree = "<group>"; };
		093A59DA183240FB00CA1640 /* UIAlertView+AFNetworking.h */ = {isa = PBXFileReference; fileEncoding = 4; lastKnownFileType = sourcecode.c.h; path = "UIAlertView+AFNetworking.h"; sourceTree = "<group>"; };
		093A59DB183240FB00CA1640 /* UIAlertView+AFNetworking.m */ = {isa = PBXFileReference; fileEncoding = 4; lastKnownFileType = sourcecode.c.objc; path = "UIAlertView+AFNetworking.m"; sourceTree = "<group>"; };
		093A59DC183240FB00CA1640 /* UIButton+AFNetworking.h */ = {isa = PBXFileReference; fileEncoding = 4; lastKnownFileType = sourcecode.c.h; path = "UIButton+AFNetworking.h"; sourceTree = "<group>"; };
		093A59DD183240FB00CA1640 /* UIButton+AFNetworking.m */ = {isa = PBXFileReference; fileEncoding = 4; lastKnownFileType = sourcecode.c.objc; path = "UIButton+AFNetworking.m"; sourceTree = "<group>"; };
		093A59DE183240FB00CA1640 /* UIImageView+AFNetworking.h */ = {isa = PBXFileReference; fileEncoding = 4; lastKnownFileType = sourcecode.c.h; path = "UIImageView+AFNetworking.h"; sourceTree = "<group>"; };
		093A59DF183240FB00CA1640 /* UIImageView+AFNetworking.m */ = {isa = PBXFileReference; fileEncoding = 4; lastKnownFileType = sourcecode.c.objc; path = "UIImageView+AFNetworking.m"; sourceTree = "<group>"; };
		093A59E0183240FB00CA1640 /* UIKit+AFNetworking.h */ = {isa = PBXFileReference; fileEncoding = 4; lastKnownFileType = sourcecode.c.h; path = "UIKit+AFNetworking.h"; sourceTree = "<group>"; };
		093A59E1183240FB00CA1640 /* UIProgressView+AFNetworking.h */ = {isa = PBXFileReference; fileEncoding = 4; lastKnownFileType = sourcecode.c.h; path = "UIProgressView+AFNetworking.h"; sourceTree = "<group>"; };
		093A59E2183240FB00CA1640 /* UIProgressView+AFNetworking.m */ = {isa = PBXFileReference; fileEncoding = 4; lastKnownFileType = sourcecode.c.objc; path = "UIProgressView+AFNetworking.m"; sourceTree = "<group>"; };
		093A59E3183240FB00CA1640 /* UIWebView+AFNetworking.h */ = {isa = PBXFileReference; fileEncoding = 4; lastKnownFileType = sourcecode.c.h; path = "UIWebView+AFNetworking.h"; sourceTree = "<group>"; };
		093A59E4183240FB00CA1640 /* UIWebView+AFNetworking.m */ = {isa = PBXFileReference; fileEncoding = 4; lastKnownFileType = sourcecode.c.objc; path = "UIWebView+AFNetworking.m"; sourceTree = "<group>"; };
		093A59F81833B20900CA1640 /* SYSyncEngine.h */ = {isa = PBXFileReference; fileEncoding = 4; lastKnownFileType = sourcecode.c.h; path = SYSyncEngine.h; sourceTree = "<group>"; };
		093A59F91833B20900CA1640 /* SYSyncEngine.m */ = {isa = PBXFileReference; fileEncoding = 4; lastKnownFileType = sourcecode.c.objc; path = SYSyncEngine.m; sourceTree = "<group>"; };
		093A59FB1833D30600CA1640 /* SYCoreDataStackWithSyncStuff.h */ = {isa = PBXFileReference; fileEncoding = 4; lastKnownFileType = sourcecode.c.h; path = SYCoreDataStackWithSyncStuff.h; sourceTree = "<group>"; };
		093A59FC1833D30600CA1640 /* SYCoreDataStackWithSyncStuff.m */ = {isa = PBXFileReference; fileEncoding = 4; lastKnownFileType = sourcecode.c.objc; path = SYCoreDataStackWithSyncStuff.m; sourceTree = "<group>"; };
		093C4A161845FDBF00858D93 /* LOInterfaceController.h */ = {isa = PBXFileReference; fileEncoding = 4; lastKnownFileType = sourcecode.c.h; path = LOInterfaceController.h; sourceTree = "<group>"; };
		093C4A171845FDBF00858D93 /* LOInterfaceController.m */ = {isa = PBXFileReference; fileEncoding = 4; lastKnownFileType = sourcecode.c.objc; path = LOInterfaceController.m; sourceTree = "<group>"; };
		093D98191844B25200C8070C /* barLandscape.png */ = {isa = PBXFileReference; lastKnownFileType = image.png; path = barLandscape.png; sourceTree = "<group>"; };
		093D981A1844B25200C8070C /* barPortrait.png */ = {isa = PBXFileReference; lastKnownFileType = image.png; path = barPortrait.png; sourceTree = "<group>"; };
		093D981B1844B25200C8070C /* bottleLandscape.png */ = {isa = PBXFileReference; lastKnownFileType = image.png; path = bottleLandscape.png; sourceTree = "<group>"; };
		093D981C1844B25200C8070C /* bottlePortrait.png */ = {isa = PBXFileReference; lastKnownFileType = image.png; path = bottlePortrait.png; sourceTree = "<group>"; };
		093D981D1844B25200C8070C /* coverLandscape.png */ = {isa = PBXFileReference; lastKnownFileType = image.png; path = coverLandscape.png; sourceTree = "<group>"; };
		093D981E1844B25200C8070C /* coverPortrait.png */ = {isa = PBXFileReference; lastKnownFileType = image.png; path = coverPortrait.png; sourceTree = "<group>"; };
		093D981F1844B25200C8070C /* cuisineLandscape.png */ = {isa = PBXFileReference; lastKnownFileType = image.png; path = cuisineLandscape.png; sourceTree = "<group>"; };
		093D98201844B25200C8070C /* cuisinePortrait.png */ = {isa = PBXFileReference; lastKnownFileType = image.png; path = cuisinePortrait.png; sourceTree = "<group>"; };
		093D98211844B25200C8070C /* tableLandscape.png */ = {isa = PBXFileReference; lastKnownFileType = image.png; path = tableLandscape.png; sourceTree = "<group>"; };
		093D98221844B25200C8070C /* tablePortrait.png */ = {isa = PBXFileReference; lastKnownFileType = image.png; path = tablePortrait.png; sourceTree = "<group>"; };
		093D98231844B25200C8070C /* ODChildVC.h */ = {isa = PBXFileReference; fileEncoding = 4; lastKnownFileType = sourcecode.c.h; path = ODChildVC.h; sourceTree = "<group>"; };
		093D98241844B25200C8070C /* ODViewController.h */ = {isa = PBXFileReference; fileEncoding = 4; lastKnownFileType = sourcecode.c.h; path = ODViewController.h; sourceTree = "<group>"; };
		093D98251844B25200C8070C /* ODChildVC.m */ = {isa = PBXFileReference; fileEncoding = 4; lastKnownFileType = sourcecode.c.objc; path = ODChildVC.m; sourceTree = "<group>"; };
		093D98261844B25200C8070C /* ODViewController.m */ = {isa = PBXFileReference; fileEncoding = 4; lastKnownFileType = sourcecode.c.objc; path = ODViewController.m; sourceTree = "<group>"; };
		093D98421844E80C00C8070C /* Base */ = {isa = PBXFileReference; lastKnownFileType = text.plist.strings; name = Base; path = Base.lproj/Localizable.strings; sourceTree = "<group>"; };
		093D98441844E81300C8070C /* fr */ = {isa = PBXFileReference; lastKnownFileType = text.plist.strings; name = fr; path = fr.lproj/Localizable.strings; sourceTree = "<group>"; };
		093D985118455D5F00C8070C /* ODIntroTutoInterfaceController.h */ = {isa = PBXFileReference; fileEncoding = 4; lastKnownFileType = sourcecode.c.h; path = ODIntroTutoInterfaceController.h; sourceTree = "<group>"; };
		093D985218455D5F00C8070C /* ODIntroTutoInterfaceController.m */ = {isa = PBXFileReference; fileEncoding = 4; lastKnownFileType = sourcecode.c.objc; path = ODIntroTutoInterfaceController.m; sourceTree = "<group>"; };
		097046EC1845799600072098 /* Base */ = {isa = PBXFileReference; lastKnownFileType = file.storyboard; name = Base; path = Base.lproj/introTuto_iPad.storyboard; sourceTree = "<group>"; };
		097CFF9F18368F6900F5FAFF /* SYHTTPClient.h */ = {isa = PBXFileReference; fileEncoding = 4; lastKnownFileType = sourcecode.c.h; path = SYHTTPClient.h; sourceTree = "<group>"; };
		097CFFA018368F6900F5FAFF /* SYHTTPClient.m */ = {isa = PBXFileReference; fileEncoding = 4; lastKnownFileType = sourcecode.c.objc; path = SYHTTPClient.m; sourceTree = "<group>"; };
		0985BCE21831972800424307 /* EDDetailVC.m */ = {isa = PBXFileReference; fileEncoding = 4; lastKnownFileType = sourcecode.c.objc; path = EDDetailVC.m; sourceTree = "<group>"; };
		0985BCE31831972800424307 /* EDEditVC.m */ = {isa = PBXFileReference; fileEncoding = 4; lastKnownFileType = sourcecode.c.objc; path = EDEditVC.m; sourceTree = "<group>"; };
		0985BCE41831972800424307 /* EDAddVC.m */ = {isa = PBXFileReference; fileEncoding = 4; lastKnownFileType = sourcecode.c.objc; path = EDAddVC.m; sourceTree = "<group>"; };
		0985BCE51831972800424307 /* EDEditVC.h */ = {isa = PBXFileReference; fileEncoding = 4; lastKnownFileType = sourcecode.c.h; path = EDEditVC.h; sourceTree = "<group>"; };
		0985BCE61831972800424307 /* EDDetailVC.h */ = {isa = PBXFileReference; fileEncoding = 4; lastKnownFileType = sourcecode.c.h; path = EDDetailVC.h; sourceTree = "<group>"; };
		0985BCE71831972800424307 /* EDAddVC.h */ = {isa = PBXFileReference; fileEncoding = 4; lastKnownFileType = sourcecode.c.h; path = EDAddVC.h; sourceTree = "<group>"; };
		0985BCE81831972800424307 /* EDRootVC.h */ = {isa = PBXFileReference; fileEncoding = 4; lastKnownFileType = sourcecode.c.h; path = EDRootVC.h; sourceTree = "<group>"; };
		0985BCF01831975600424307 /* DBCoreDataStack.h */ = {isa = PBXFileReference; fileEncoding = 4; lastKnownFileType = sourcecode.c.h; path = DBCoreDataStack.h; sourceTree = "<group>"; };
		0985BCF11831975600424307 /* DBCoreDataStack.m */ = {isa = PBXFileReference; fileEncoding = 4; lastKnownFileType = sourcecode.c.objc; path = DBCoreDataStack.m; sourceTree = "<group>"; };
		0985BCF31831975600424307 /* menuCoreDataModel.xcdatamodel */ = {isa = PBXFileReference; lastKnownFileType = wrapper.xcdatamodel; path = menuCoreDataModel.xcdatamodel; sourceTree = "<group>"; };
		0985BCF61831979F00424307 /* EDRootVC.m */ = {isa = PBXFileReference; fileEncoding = 4; lastKnownFileType = sourcecode.c.objc; path = EDRootVC.m; sourceTree = "<group>"; };
		0985BCFB1831981B00424307 /* SquareMenuAd.h */ = {isa = PBXFileReference; fileEncoding = 4; lastKnownFileType = sourcecode.c.h; path = SquareMenuAd.h; sourceTree = "<group>"; };
		0985BCFC1831981B00424307 /* SquareMenuAd.m */ = {isa = PBXFileReference; fileEncoding = 4; lastKnownFileType = sourcecode.c.objc; path = SquareMenuAd.m; sourceTree = "<group>"; };
		0985BCFE1831981B00424307 /* Drink.h */ = {isa = PBXFileReference; fileEncoding = 4; lastKnownFileType = sourcecode.c.h; path = Drink.h; sourceTree = "<group>"; };
		0985BCFF1831981B00424307 /* Drink.m */ = {isa = PBXFileReference; fileEncoding = 4; lastKnownFileType = sourcecode.c.objc; path = Drink.m; sourceTree = "<group>"; };
		0985BD011831981B00424307 /* CategoryDrink.h */ = {isa = PBXFileReference; fileEncoding = 4; lastKnownFileType = sourcecode.c.h; path = CategoryDrink.h; sourceTree = "<group>"; };
		0985BD021831981B00424307 /* CategoryDrink.m */ = {isa = PBXFileReference; fileEncoding = 4; lastKnownFileType = sourcecode.c.objc; path = CategoryDrink.m; sourceTree = "<group>"; };
		0985BD1018319D8B00424307 /* Base */ = {isa = PBXFileReference; lastKnownFileType = file.storyboard; name = Base; path = Base.lproj/login_iPad.storyboard; sourceTree = "<group>"; };
		0985BD1218319D8B00424307 /* Base */ = {isa = PBXFileReference; lastKnownFileType = file.storyboard; name = Base; path = Base.lproj/login_iPhone.storyboard; sourceTree = "<group>"; };
		0985BD1A1831A21500424307 /* en */ = {isa = PBXFileReference; lastKnownFileType = text.plist.strings; name = en; path = en.lproj/login_iPhone.strings; sourceTree = "<group>"; };
		0985BD1C1831A22700424307 /* en */ = {isa = PBXFileReference; lastKnownFileType = text.plist.strings; name = en; path = en.lproj/login_iPad.strings; sourceTree = "<group>"; };
		0985BD1D1831A23E00424307 /* fr */ = {isa = PBXFileReference; lastKnownFileType = text.plist.strings; name = fr; path = fr.lproj/login_iPad.strings; sourceTree = "<group>"; };
		0985BD1E1831A23E00424307 /* fr */ = {isa = PBXFileReference; lastKnownFileType = text.plist.strings; name = fr; path = fr.lproj/login_iPhone.strings; sourceTree = "<group>"; };
		0985BD1F1831A23E00424307 /* fr */ = {isa = PBXFileReference; lastKnownFileType = text.plist.strings; name = fr; path = fr.lproj/InfoPlist.strings; sourceTree = "<group>"; };
		0985BD201831A23E00424307 /* fr */ = {isa = PBXFileReference; lastKnownFileType = text.plist.strings; name = fr; path = fr.lproj/InfoPlist.strings; sourceTree = "<group>"; };
		0985BD221831A25100424307 /* Base */ = {isa = PBXFileReference; lastKnownFileType = file.storyboard; name = Base; path = Base.lproj/editionTableView_iPhone.storyboard; sourceTree = "<group>"; };
		0985BD251831A25800424307 /* fr */ = {isa = PBXFileReference; lastKnownFileType = text.plist.strings; name = fr; path = fr.lproj/editionTableView_iPhone.strings; sourceTree = "<group>"; };
		0985BD271831A25A00424307 /* en */ = {isa = PBXFileReference; lastKnownFileType = text.plist.strings; name = en; path = en.lproj/editionTableView_iPhone.strings; sourceTree = "<group>"; };
		0985BD291831A27800424307 /* Base */ = {isa = PBXFileReference; lastKnownFileType = file.storyboard; name = Base; path = Base.lproj/editionTableView_iPad.storyboard; sourceTree = "<group>"; };
		0985BD2C1831A27E00424307 /* en */ = {isa = PBXFileReference; lastKnownFileType = text.plist.strings; name = en; path = en.lproj/editionTableView_iPad.strings; sourceTree = "<group>"; };
		0985BD2E1831A28000424307 /* fr */ = {isa = PBXFileReference; lastKnownFileType = text.plist.strings; name = fr; path = fr.lproj/editionTableView_iPad.strings; sourceTree = "<group>"; };
/* End PBXFileReference section */

/* Begin PBXFrameworksBuildPhase section */
		093A0D6018304D1C00093ABD /* Frameworks */ = {
			isa = PBXFrameworksBuildPhase;
			buildActionMask = 2147483647;
			files = (
				093A0DD318304FA700093ABD /* SystemConfiguration.framework in Frameworks */,
				093A0DD118304F9C00093ABD /* StoreKit.framework in Frameworks */,
				093A0DCF18304F9500093ABD /* Security.framework in Frameworks */,
				093A0DCD18304F8800093ABD /* QuartzCore.framework in Frameworks */,
				093A0DCB18304F7F00093ABD /* MobileCoreServices.framework in Frameworks */,
				093A0DC918304F7600093ABD /* libz.1.1.3.dylib in Frameworks */,
				093A0DC718304F6D00093ABD /* CoreLocation.framework in Frameworks */,
				093A0D6918304D1C00093ABD /* CoreGraphics.framework in Frameworks */,
				093A0DC518304F5C00093ABD /* CFNetwork.framework in Frameworks */,
				093A0DC318304F5500093ABD /* AudioToolbox.framework in Frameworks */,
				093A0D6B18304D1C00093ABD /* UIKit.framework in Frameworks */,
				093A0DC118304EE800093ABD /* Parse.framework in Frameworks */,
				093A0D6718304D1C00093ABD /* Foundation.framework in Frameworks */,
			);
			runOnlyForDeploymentPostprocessing = 0;
		};
		093A0D8418304D1C00093ABD /* Frameworks */ = {
			isa = PBXFrameworksBuildPhase;
			buildActionMask = 2147483647;
			files = (
				093A0D8918304D1C00093ABD /* XCTest.framework in Frameworks */,
				093A0D8B18304D1C00093ABD /* UIKit.framework in Frameworks */,
				093A0D8A18304D1C00093ABD /* Foundation.framework in Frameworks */,
			);
			runOnlyForDeploymentPostprocessing = 0;
		};
/* End PBXFrameworksBuildPhase section */

/* Begin PBXGroup section */
		093A0D5A18304D1C00093ABD = {
			isa = PBXGroup;
			children = (
				093A0D6C18304D1C00093ABD /* makeMyMouthWater */,
				093A0D8E18304D1C00093ABD /* makeMyMouthWaterTests */,
				093A0D6518304D1C00093ABD /* Frameworks */,
				093A0D6418304D1C00093ABD /* Products */,
			);
			sourceTree = "<group>";
		};
		093A0D6418304D1C00093ABD /* Products */ = {
			isa = PBXGroup;
			children = (
				093A0D6318304D1C00093ABD /* makeMyMouthWater.app */,
				093A0D8718304D1C00093ABD /* makeMyMouthWaterTests.xctest */,
			);
			name = Products;
			sourceTree = "<group>";
		};
		093A0D6518304D1C00093ABD /* Frameworks */ = {
			isa = PBXGroup;
			children = (
				093A59D5183240FB00CA1640 /* UIKit+AFNetworking */,
				093A59B8183240DB00CA1640 /* AFNetworking */,
				093A0DD218304FA700093ABD /* SystemConfiguration.framework */,
				093A0DD018304F9C00093ABD /* StoreKit.framework */,
				093A0DCE18304F9500093ABD /* Security.framework */,
				093A0DCC18304F8800093ABD /* QuartzCore.framework */,
				093A0DCA18304F7F00093ABD /* MobileCoreServices.framework */,
				093A0DC818304F7600093ABD /* libz.1.1.3.dylib */,
				093A0DC618304F6D00093ABD /* CoreLocation.framework */,
				093A0DC418304F5C00093ABD /* CFNetwork.framework */,
				093A0DC218304F5500093ABD /* AudioToolbox.framework */,
				093A0DC018304EE800093ABD /* Parse.framework */,
				093A0D6618304D1C00093ABD /* Foundation.framework */,
				093A0D6818304D1C00093ABD /* CoreGraphics.framework */,
				093A0D6A18304D1C00093ABD /* UIKit.framework */,
				093A0D8818304D1C00093ABD /* XCTest.framework */,
			);
			name = Frameworks;
			sourceTree = "<group>";
		};
		093A0D6C18304D1C00093ABD /* makeMyMouthWater */ = {
			isa = PBXGroup;
			children = (
				093A59B718323B7E00CA1640 /* dataSynchroWithAFNetworking */,
				0985BCEF1831973100424307 /* dataStack */,
				0985BCE1183195EC00424307 /* editionTableView */,
				093A0DB618304E8500093ABD /* loginParse */,
				093C4AAC18460B6400858D93 /* adminInterface */,
				093A0D9E18304D7800093ABD /* introTuto */,
				093A0D7518304D1C00093ABD /* MAAppDelegate.h */,
				093A0D7618304D1C00093ABD /* MAAppDelegate.m */,
				093A0D8118304D1C00093ABD /* Images.xcassets */,
				093A0D6D18304D1C00093ABD /* Supporting Files */,
			);
			path = makeMyMouthWater;
			sourceTree = "<group>";
		};
		093A0D6D18304D1C00093ABD /* Supporting Files */ = {
			isa = PBXGroup;
			children = (
				093A0D6E18304D1C00093ABD /* makeMyMouthWater-Info.plist */,
				093A0D6F18304D1C00093ABD /* InfoPlist.strings */,
				093A0D7218304D1C00093ABD /* main.m */,
				093A0D7418304D1C00093ABD /* makeMyMouthWater-Prefix.pch */,
			);
			name = "Supporting Files";
			sourceTree = "<group>";
		};
		093A0D8E18304D1C00093ABD /* makeMyMouthWaterTests */ = {
			isa = PBXGroup;
			children = (
				093A0D9418304D1C00093ABD /* makeMyMouthWaterTests.m */,
				093A0D8F18304D1C00093ABD /* Supporting Files */,
			);
			path = makeMyMouthWaterTests;
			sourceTree = "<group>";
		};
		093A0D8F18304D1C00093ABD /* Supporting Files */ = {
			isa = PBXGroup;
			children = (
				093A0D9018304D1C00093ABD /* makeMyMouthWaterTests-Info.plist */,
				093A0D9118304D1C00093ABD /* InfoPlist.strings */,
			);
			name = "Supporting Files";
			sourceTree = "<group>";
		};
		093A0D9E18304D7800093ABD /* introTuto */ = {
			isa = PBXGroup;
			children = (
				093D98431844E80C00C8070C /* Localizable.strings */,
				093D985118455D5F00C8070C /* ODIntroTutoInterfaceController.h */,
				093D985218455D5F00C8070C /* ODIntroTutoInterfaceController.m */,
				093D98331844B25A00C8070C /* media */,
				093D985418455DE600C8070C /* import */,
			);
			name = introTuto;
			sourceTree = "<group>";
		};
		093A0DB618304E8500093ABD /* loginParse */ = {
			isa = PBXGroup;
			children = (
				0985BD0F18319D8B00424307 /* login_iPad.storyboard */,
				0985BD1118319D8B00424307 /* login_iPhone.storyboard */,
				093C4A161845FDBF00858D93 /* LOInterfaceController.h */,
				093C4A171845FDBF00858D93 /* LOInterfaceController.m */,
				093C4A191845FDE300858D93 /* import */,
			);
			name = loginParse;
			sourceTree = "<group>";
		};
		093A59B718323B7E00CA1640 /* dataSynchroWithAFNetworking */ = {
			isa = PBXGroup;
			children = (
				097CFF9F18368F6900F5FAFF /* SYHTTPClient.h */,
				097CFFA018368F6900F5FAFF /* SYHTTPClient.m */,
				093A59F81833B20900CA1640 /* SYSyncEngine.h */,
				093A59F91833B20900CA1640 /* SYSyncEngine.m */,
			);
			name = dataSynchroWithAFNetworking;
			sourceTree = "<group>";
		};
		093A59B8183240DB00CA1640 /* AFNetworking */ = {
			isa = PBXGroup;
			children = (
				093A59B9183240DB00CA1640 /* AFHTTPRequestOperation.h */,
				093A59BA183240DB00CA1640 /* AFHTTPRequestOperation.m */,
				093A59BB183240DB00CA1640 /* AFHTTPRequestOperationManager.h */,
				093A59BC183240DB00CA1640 /* AFHTTPRequestOperationManager.m */,
				093A59BD183240DB00CA1640 /* AFHTTPSessionManager.h */,
				093A59BE183240DB00CA1640 /* AFHTTPSessionManager.m */,
				093A59BF183240DB00CA1640 /* AFNetworking.h */,
				093A59C0183240DB00CA1640 /* AFNetworkReachabilityManager.h */,
				093A59C1183240DB00CA1640 /* AFNetworkReachabilityManager.m */,
				093A59C2183240DB00CA1640 /* AFSecurityPolicy.h */,
				093A59C3183240DB00CA1640 /* AFSecurityPolicy.m */,
				093A59C4183240DB00CA1640 /* AFURLConnectionOperation.h */,
				093A59C5183240DB00CA1640 /* AFURLConnectionOperation.m */,
				093A59C6183240DB00CA1640 /* AFURLRequestSerialization.h */,
				093A59C7183240DB00CA1640 /* AFURLRequestSerialization.m */,
				093A59C8183240DB00CA1640 /* AFURLResponseSerialization.h */,
				093A59C9183240DB00CA1640 /* AFURLResponseSerialization.m */,
				093A59CA183240DB00CA1640 /* AFURLSessionManager.h */,
				093A59CB183240DB00CA1640 /* AFURLSessionManager.m */,
			);
			name = AFNetworking;
			path = makeMyMouthWater/AFNetworking;
			sourceTree = "<group>";
		};
		093A59D5183240FB00CA1640 /* UIKit+AFNetworking */ = {
			isa = PBXGroup;
			children = (
				093A59D6183240FB00CA1640 /* AFNetworkActivityIndicatorManager.h */,
				093A59D7183240FB00CA1640 /* AFNetworkActivityIndicatorManager.m */,
				093A59D8183240FB00CA1640 /* UIActivityIndicatorView+AFNetworking.h */,
				093A59D9183240FB00CA1640 /* UIActivityIndicatorView+AFNetworking.m */,
				093A59DA183240FB00CA1640 /* UIAlertView+AFNetworking.h */,
				093A59DB183240FB00CA1640 /* UIAlertView+AFNetworking.m */,
				093A59DC183240FB00CA1640 /* UIButton+AFNetworking.h */,
				093A59DD183240FB00CA1640 /* UIButton+AFNetworking.m */,
				093A59DE183240FB00CA1640 /* UIImageView+AFNetworking.h */,
				093A59DF183240FB00CA1640 /* UIImageView+AFNetworking.m */,
				093A59E0183240FB00CA1640 /* UIKit+AFNetworking.h */,
				093A59E1183240FB00CA1640 /* UIProgressView+AFNetworking.h */,
				093A59E2183240FB00CA1640 /* UIProgressView+AFNetworking.m */,
				093A59E3183240FB00CA1640 /* UIWebView+AFNetworking.h */,
				093A59E4183240FB00CA1640 /* UIWebView+AFNetworking.m */,
			);
			name = "UIKit+AFNetworking";
			path = "makeMyMouthWater/UIKit+AFNetworking";
			sourceTree = "<group>";
		};
		093C4A191845FDE300858D93 /* import */ = {
			isa = PBXGroup;
			children = (
				093A0DB918304EA000093ABD /* LOLoginVC.h */,
				093A0DBA18304EA000093ABD /* LOLoginVC.m */,
				093A0DBB18304EA000093ABD /* LORegisterVC.h */,
				093A0DBC18304EA000093ABD /* LORegisterVC.m */,
			);
			name = import;
			sourceTree = "<group>";
		};
		093C4AAC18460B6400858D93 /* adminInterface */ = {
			isa = PBXGroup;
			children = (
				091EA48518587CBB00827640 /* AD_iPad.storyboard */,
				091EA46D1857D49A00827640 /* ADEditionDetailVC.h */,
				091EA46E1857D49A00827640 /* ADEditionDetailVC.m */,
				091EA46F1857D49A00827640 /* ADEditionEditVC.h */,
				091EA4701857D49A00827640 /* ADEditionEditVC.m */,
				091EA4711857D49A00827640 /* ADEditionRootVC.h */,
				091EA4721857D49A00827640 /* ADEditionRootVC.m */,
				091EA4731857D49A00827640 /* ADIdentityTVC.m */,
				091EA4741857D49A00827640 /* ADMasterViewController.m */,
				091EA4751857D49A00827640 /* ADDetailViewController.h */,
				091EA4761857D49A00827640 /* ADDetailViewController.m */,
				091EA4771857D49A00827640 /* ADIdentityTVC.h */,
				091EA4781857D49A00827640 /* ADMasterViewController.h */,
				091EA4791857D49A00827640 /* ADPhotoCollectionVC.h */,
				091EA47A1857D49A00827640 /* ADPhotoCollectionVC.m */,
			);
			name = adminInterface;
			sourceTree = "<group>";
		};
		093D98331844B25A00C8070C /* media */ = {
			isa = PBXGroup;
			children = (
				093D98191844B25200C8070C /* barLandscape.png */,
				093D981A1844B25200C8070C /* barPortrait.png */,
				093D981B1844B25200C8070C /* bottleLandscape.png */,
				093D981C1844B25200C8070C /* bottlePortrait.png */,
				093D981D1844B25200C8070C /* coverLandscape.png */,
				093D981E1844B25200C8070C /* coverPortrait.png */,
				093D981F1844B25200C8070C /* cuisineLandscape.png */,
				093D98201844B25200C8070C /* cuisinePortrait.png */,
				093D98211844B25200C8070C /* tableLandscape.png */,
				093D98221844B25200C8070C /* tablePortrait.png */,
			);
			name = media;
			sourceTree = "<group>";
		};
		093D985418455DE600C8070C /* import */ = {
			isa = PBXGroup;
			children = (
				097046EB1845799600072098 /* introTuto_iPad.storyboard */,
				093D98231844B25200C8070C /* ODChildVC.h */,
				093D98251844B25200C8070C /* ODChildVC.m */,
				093D98241844B25200C8070C /* ODViewController.h */,
				093D98261844B25200C8070C /* ODViewController.m */,
			);
			name = import;
			sourceTree = "<group>";
		};
		0985BCE1183195EC00424307 /* editionTableView */ = {
			isa = PBXGroup;
			children = (
				0985BCE81831972800424307 /* EDRootVC.h */,
				0985BCF61831979F00424307 /* EDRootVC.m */,
				0985BD2A1831A27800424307 /* editionTableView_iPad.storyboard */,
				0985BD231831A25100424307 /* editionTableView_iPhone.storyboard */,
				0985BCE61831972800424307 /* EDDetailVC.h */,
				0985BCE21831972800424307 /* EDDetailVC.m */,
				0985BCE71831972800424307 /* EDAddVC.h */,
				0985BCE41831972800424307 /* EDAddVC.m */,
				0985BCE51831972800424307 /* EDEditVC.h */,
				0985BCE31831972800424307 /* EDEditVC.m */,
			);
			name = editionTableView;
			sourceTree = "<group>";
		};
		0985BCEF1831973100424307 /* dataStack */ = {
			isa = PBXGroup;
			children = (
				0985BCF01831975600424307 /* DBCoreDataStack.h */,
				0985BCF11831975600424307 /* DBCoreDataStack.m */,
				093A59FB1833D30600CA1640 /* SYCoreDataStackWithSyncStuff.h */,
				093A59FC1833D30600CA1640 /* SYCoreDataStackWithSyncStuff.m */,
				0985BCF21831975600424307 /* menuCoreDataModel.xcdatamodeld */,
				0985BD041831986600424307 /* NSManagedObject Subclass */,
			);
			name = dataStack;
			sourceTree = "<group>";
		};
		0985BD041831986600424307 /* NSManagedObject Subclass */ = {
			isa = PBXGroup;
			children = (
				091EA48B18591A2200827640 /* Identity.h */,
				091EA48C18591A2200827640 /* Identity.m */,
				0985BD011831981B00424307 /* CategoryDrink.h */,
				0985BD021831981B00424307 /* CategoryDrink.m */,
				0985BCFE1831981B00424307 /* Drink.h */,
				0985BCFF1831981B00424307 /* Drink.m */,
				0985BCFB1831981B00424307 /* SquareMenuAd.h */,
				0985BCFC1831981B00424307 /* SquareMenuAd.m */,
			);
			name = "NSManagedObject Subclass";
			sourceTree = "<group>";
		};
/* End PBXGroup section */

/* Begin PBXNativeTarget section */
		093A0D6218304D1C00093ABD /* makeMyMouthWater */ = {
			isa = PBXNativeTarget;
			buildConfigurationList = 093A0D9818304D1C00093ABD /* Build configuration list for PBXNativeTarget "makeMyMouthWater" */;
			buildPhases = (
				093A0D5F18304D1C00093ABD /* Sources */,
				093A0D6018304D1C00093ABD /* Frameworks */,
				093A0D6118304D1C00093ABD /* Resources */,
			);
			buildRules = (
			);
			dependencies = (
			);
			name = makeMyMouthWater;
			productName = makeMyMouthWater;
			productReference = 093A0D6318304D1C00093ABD /* makeMyMouthWater.app */;
			productType = "com.apple.product-type.application";
		};
		093A0D8618304D1C00093ABD /* makeMyMouthWaterTests */ = {
			isa = PBXNativeTarget;
			buildConfigurationList = 093A0D9B18304D1C00093ABD /* Build configuration list for PBXNativeTarget "makeMyMouthWaterTests" */;
			buildPhases = (
				093A0D8318304D1C00093ABD /* Sources */,
				093A0D8418304D1C00093ABD /* Frameworks */,
				093A0D8518304D1C00093ABD /* Resources */,
			);
			buildRules = (
			);
			dependencies = (
				093A0D8D18304D1C00093ABD /* PBXTargetDependency */,
			);
			name = makeMyMouthWaterTests;
			productName = makeMyMouthWaterTests;
			productReference = 093A0D8718304D1C00093ABD /* makeMyMouthWaterTests.xctest */;
			productType = "com.apple.product-type.bundle.unit-test";
		};
/* End PBXNativeTarget section */

/* Begin PBXProject section */
		093A0D5B18304D1C00093ABD /* Project object */ = {
			isa = PBXProject;
			attributes = {
				CLASSPREFIX = MA;
				LastUpgradeCheck = 0500;
				ORGANIZATIONNAME = "Olivier Delecueillerie";
				TargetAttributes = {
					093A0D8618304D1C00093ABD = {
						TestTargetID = 093A0D6218304D1C00093ABD;
					};
				};
			};
			buildConfigurationList = 093A0D5E18304D1C00093ABD /* Build configuration list for PBXProject "makeMyMouthWater" */;
			compatibilityVersion = "Xcode 3.2";
			developmentRegion = English;
			hasScannedForEncodings = 0;
			knownRegions = (
				en,
				Base,
				fr,
			);
			mainGroup = 093A0D5A18304D1C00093ABD;
			productRefGroup = 093A0D6418304D1C00093ABD /* Products */;
			projectDirPath = "";
			projectRoot = "";
			targets = (
				093A0D6218304D1C00093ABD /* makeMyMouthWater */,
				093A0D8618304D1C00093ABD /* makeMyMouthWaterTests */,
			);
		};
/* End PBXProject section */

/* Begin PBXResourcesBuildPhase section */
		093A0D6118304D1C00093ABD /* Resources */ = {
			isa = PBXResourcesBuildPhase;
			buildActionMask = 2147483647;
			files = (
				093D982A1844B25200C8070C /* bottlePortrait.png in Resources */,
				091EA48718587CBB00827640 /* AD_iPad.storyboard in Resources */,
				093D98301844B25200C8070C /* tablePortrait.png in Resources */,
				093D982D1844B25200C8070C /* cuisineLandscape.png in Resources */,
				0985BD361831AE5400424307 /* editionTableView_iPhone.storyboard in Resources */,
				093D98271844B25200C8070C /* barLandscape.png in Resources */,
				0985BD351831AE4B00424307 /* editionTableView_iPad.storyboard in Resources */,
				093D982F1844B25200C8070C /* tableLandscape.png in Resources */,
				0985BD1418319D8B00424307 /* login_iPhone.storyboard in Resources */,
				093D98281844B25200C8070C /* barPortrait.png in Resources */,
				093D98291844B25200C8070C /* bottleLandscape.png in Resources */,
				097046ED1845799600072098 /* introTuto_iPad.storyboard in Resources */,
				093A0D8218304D1C00093ABD /* Images.xcassets in Resources */,
				093D982C1844B25200C8070C /* coverPortrait.png in Resources */,
				093A0D7118304D1C00093ABD /* InfoPlist.strings in Resources */,
				093D982B1844B25200C8070C /* coverLandscape.png in Resources */,
				0985BD1318319D8B00424307 /* login_iPad.storyboard in Resources */,
				093D982E1844B25200C8070C /* cuisinePortrait.png in Resources */,
			);
			runOnlyForDeploymentPostprocessing = 0;
		};
		093A0D8518304D1C00093ABD /* Resources */ = {
			isa = PBXResourcesBuildPhase;
			buildActionMask = 2147483647;
			files = (
				093A0D9318304D1C00093ABD /* InfoPlist.strings in Resources */,
			);
			runOnlyForDeploymentPostprocessing = 0;
		};
/* End PBXResourcesBuildPhase section */

/* Begin PBXSourcesBuildPhase section */
		093A0D5F18304D1C00093ABD /* Sources */ = {
			isa = PBXSourcesBuildPhase;
			buildActionMask = 2147483647;
			files = (
				093A59EA183240FB00CA1640 /* UIProgressView+AFNetworking.m in Sources */,
				093A59E9183240FB00CA1640 /* UIImageView+AFNetworking.m in Sources */,
				093A59CC183240DB00CA1640 /* AFHTTPRequestOperation.m in Sources */,
				093A0D7718304D1C00093ABD /* MAAppDelegate.m in Sources */,
				0985BCED1831972800424307 /* EDAddVC.m in Sources */,
				091EA47B1857D49A00827640 /* ADEditionDetailVC.m in Sources */,
				093A59EB183240FB00CA1640 /* UIWebView+AFNetworking.m in Sources */,
				0985BCF41831975600424307 /* DBCoreDataStack.m in Sources */,
				097CFFA118368F6900F5FAFF /* SYHTTPClient.m in Sources */,
				0985BCFD1831981B00424307 /* SquareMenuAd.m in Sources */,
				093A59E6183240FB00CA1640 /* UIActivityIndicatorView+AFNetworking.m in Sources */,
				091EA47F1857D49A00827640 /* ADMasterViewController.m in Sources */,
				093C4A181845FDBF00858D93 /* LOInterfaceController.m in Sources */,
				093A59FD1833D30600CA1640 /* SYCoreDataStackWithSyncStuff.m in Sources */,
				093D985318455D5F00C8070C /* ODIntroTutoInterfaceController.m in Sources */,
				0985BCEC1831972800424307 /* EDEditVC.m in Sources */,
				093A59CE183240DB00CA1640 /* AFHTTPSessionManager.m in Sources */,
				091EA48D18591A2200827640 /* Identity.m in Sources */,
				093A59FA1833B20900CA1640 /* SYSyncEngine.m in Sources */,
				093A59E5183240FB00CA1640 /* AFNetworkActivityIndicatorManager.m in Sources */,
				091EA47D1857D49A00827640 /* ADEditionRootVC.m in Sources */,
				091EA4801857D49A00827640 /* ADDetailViewController.m in Sources */,
				0985BCF51831975600424307 /* menuCoreDataModel.xcdatamodeld in Sources */,
				093A59E7183240FB00CA1640 /* UIAlertView+AFNetworking.m in Sources */,
				093A0DBF18304EA000093ABD /* LORegisterVC.m in Sources */,
				091EA4811857D49A00827640 /* ADPhotoCollectionVC.m in Sources */,
				093A59CF183240DB00CA1640 /* AFNetworkReachabilityManager.m in Sources */,
				093A59D4183240DB00CA1640 /* AFURLSessionManager.m in Sources */,
				093A0DBE18304EA000093ABD /* LOLoginVC.m in Sources */,
				0985BCF71831979F00424307 /* EDRootVC.m in Sources */,
				091EA47C1857D49A00827640 /* ADEditionEditVC.m in Sources */,
				093D98321844B25200C8070C /* ODViewController.m in Sources */,
				093A59D1183240DB00CA1640 /* AFURLConnectionOperation.m in Sources */,
				093D98311844B25200C8070C /* ODChildVC.m in Sources */,
				093A59D3183240DB00CA1640 /* AFURLResponseSerialization.m in Sources */,
				093A59D2183240DB00CA1640 /* AFURLRequestSerialization.m in Sources */,
				0985BCEB1831972800424307 /* EDDetailVC.m in Sources */,
				093A0D7318304D1C00093ABD /* main.m in Sources */,
				0985BD031831981B00424307 /* CategoryDrink.m in Sources */,
				0985BD001831981B00424307 /* Drink.m in Sources */,
				093A59E8183240FB00CA1640 /* UIButton+AFNetworking.m in Sources */,
				093A59CD183240DB00CA1640 /* AFHTTPRequestOperationManager.m in Sources */,
				093A59D0183240DB00CA1640 /* AFSecurityPolicy.m in Sources */,
				091EA47E1857D49A00827640 /* ADIdentityTVC.m in Sources */,
			);
			runOnlyForDeploymentPostprocessing = 0;
		};
		093A0D8318304D1C00093ABD /* Sources */ = {
			isa = PBXSourcesBuildPhase;
			buildActionMask = 2147483647;
			files = (
				093A0D9518304D1C00093ABD /* makeMyMouthWaterTests.m in Sources */,
			);
			runOnlyForDeploymentPostprocessing = 0;
		};
/* End PBXSourcesBuildPhase section */

/* Begin PBXTargetDependency section */
		093A0D8D18304D1C00093ABD /* PBXTargetDependency */ = {
			isa = PBXTargetDependency;
			target = 093A0D6218304D1C00093ABD /* makeMyMouthWater */;
			targetProxy = 093A0D8C18304D1C00093ABD /* PBXContainerItemProxy */;
		};
/* End PBXTargetDependency section */

/* Begin PBXVariantGroup section */
		091EA48518587CBB00827640 /* AD_iPad.storyboard */ = {
			isa = PBXVariantGroup;
			children = (
				091EA48618587CBB00827640 /* Base */,
			);
			name = AD_iPad.storyboard;
			sourceTree = "<group>";
		};
		093A0D6F18304D1C00093ABD /* InfoPlist.strings */ = {
			isa = PBXVariantGroup;
			children = (
				093A0D7018304D1C00093ABD /* en */,
				0985BD1F1831A23E00424307 /* fr */,
			);
			name = InfoPlist.strings;
			sourceTree = "<group>";
		};
		093A0D9118304D1C00093ABD /* InfoPlist.strings */ = {
			isa = PBXVariantGroup;
			children = (
				093A0D9218304D1C00093ABD /* en */,
				0985BD201831A23E00424307 /* fr */,
			);
			name = InfoPlist.strings;
			sourceTree = "<group>";
		};
		093D98431844E80C00C8070C /* Localizable.strings */ = {
			isa = PBXVariantGroup;
			children = (
				093D98421844E80C00C8070C /* Base */,
				093D98441844E81300C8070C /* fr */,
			);
			name = Localizable.strings;
			sourceTree = "<group>";
		};
		097046EB1845799600072098 /* introTuto_iPad.storyboard */ = {
			isa = PBXVariantGroup;
			children = (
				097046EC1845799600072098 /* Base */,
			);
			name = introTuto_iPad.storyboard;
			sourceTree = "<group>";
		};
		0985BD0F18319D8B00424307 /* login_iPad.storyboard */ = {
			isa = PBXVariantGroup;
			children = (
				0985BD1018319D8B00424307 /* Base */,
				0985BD1C1831A22700424307 /* en */,
				0985BD1D1831A23E00424307 /* fr */,
			);
			name = login_iPad.storyboard;
			sourceTree = "<group>";
		};
		0985BD1118319D8B00424307 /* login_iPhone.storyboard */ = {
			isa = PBXVariantGroup;
			children = (
				0985BD1218319D8B00424307 /* Base */,
				0985BD1A1831A21500424307 /* en */,
				0985BD1E1831A23E00424307 /* fr */,
			);
			name = login_iPhone.storyboard;
			sourceTree = "<group>";
		};
		0985BD231831A25100424307 /* editionTableView_iPhone.storyboard */ = {
			isa = PBXVariantGroup;
			children = (
				0985BD221831A25100424307 /* Base */,
				0985BD251831A25800424307 /* fr */,
				0985BD271831A25A00424307 /* en */,
			);
			name = editionTableView_iPhone.storyboard;
			sourceTree = "<group>";
		};
		0985BD2A1831A27800424307 /* editionTableView_iPad.storyboard */ = {
			isa = PBXVariantGroup;
			children = (
				0985BD291831A27800424307 /* Base */,
				0985BD2C1831A27E00424307 /* en */,
				0985BD2E1831A28000424307 /* fr */,
			);
			name = editionTableView_iPad.storyboard;
			sourceTree = "<group>";
		};
/* End PBXVariantGroup section */

/* Begin XCBuildConfiguration section */
		093A0D9618304D1C00093ABD /* Debug */ = {
			isa = XCBuildConfiguration;
			buildSettings = {
				ALWAYS_SEARCH_USER_PATHS = NO;
				ARCHS = "$(ARCHS_STANDARD_INCLUDING_64_BIT)";
				CLANG_CXX_LANGUAGE_STANDARD = "gnu++0x";
				CLANG_CXX_LIBRARY = "libc++";
				CLANG_ENABLE_MODULES = YES;
				CLANG_ENABLE_OBJC_ARC = YES;
				CLANG_WARN_BOOL_CONVERSION = YES;
				CLANG_WARN_CONSTANT_CONVERSION = YES;
				CLANG_WARN_DIRECT_OBJC_ISA_USAGE = YES_ERROR;
				CLANG_WARN_EMPTY_BODY = YES;
				CLANG_WARN_ENUM_CONVERSION = YES;
				CLANG_WARN_INT_CONVERSION = YES;
				CLANG_WARN_OBJC_ROOT_CLASS = YES_ERROR;
				CLANG_WARN__DUPLICATE_METHOD_MATCH = YES;
				"CODE_SIGN_IDENTITY[sdk=iphoneos*]" = "iPhone Developer";
				COPY_PHASE_STRIP = NO;
				GCC_C_LANGUAGE_STANDARD = gnu99;
				GCC_DYNAMIC_NO_PIC = NO;
				GCC_OPTIMIZATION_LEVEL = 0;
				GCC_PREPROCESSOR_DEFINITIONS = (
					"DEBUG=1",
					"$(inherited)",
				);
				GCC_SYMBOLS_PRIVATE_EXTERN = NO;
				GCC_WARN_64_TO_32_BIT_CONVERSION = YES;
				GCC_WARN_ABOUT_RETURN_TYPE = YES_ERROR;
				GCC_WARN_UNDECLARED_SELECTOR = YES;
				GCC_WARN_UNINITIALIZED_AUTOS = YES;
				GCC_WARN_UNUSED_FUNCTION = YES;
				GCC_WARN_UNUSED_VARIABLE = YES;
				IPHONEOS_DEPLOYMENT_TARGET = 7.0;
				ONLY_ACTIVE_ARCH = YES;
				SDKROOT = iphoneos;
				TARGETED_DEVICE_FAMILY = "1,2";
			};
			name = Debug;
		};
		093A0D9718304D1C00093ABD /* Release */ = {
			isa = XCBuildConfiguration;
			buildSettings = {
				ALWAYS_SEARCH_USER_PATHS = NO;
				ARCHS = "$(ARCHS_STANDARD_INCLUDING_64_BIT)";
				CLANG_CXX_LANGUAGE_STANDARD = "gnu++0x";
				CLANG_CXX_LIBRARY = "libc++";
				CLANG_ENABLE_MODULES = YES;
				CLANG_ENABLE_OBJC_ARC = YES;
				CLANG_WARN_BOOL_CONVERSION = YES;
				CLANG_WARN_CONSTANT_CONVERSION = YES;
				CLANG_WARN_DIRECT_OBJC_ISA_USAGE = YES_ERROR;
				CLANG_WARN_EMPTY_BODY = YES;
				CLANG_WARN_ENUM_CONVERSION = YES;
				CLANG_WARN_INT_CONVERSION = YES;
				CLANG_WARN_OBJC_ROOT_CLASS = YES_ERROR;
				CLANG_WARN__DUPLICATE_METHOD_MATCH = YES;
				"CODE_SIGN_IDENTITY[sdk=iphoneos*]" = "iPhone Developer";
				COPY_PHASE_STRIP = YES;
				ENABLE_NS_ASSERTIONS = NO;
				GCC_C_LANGUAGE_STANDARD = gnu99;
				GCC_WARN_64_TO_32_BIT_CONVERSION = YES;
				GCC_WARN_ABOUT_RETURN_TYPE = YES_ERROR;
				GCC_WARN_UNDECLARED_SELECTOR = YES;
				GCC_WARN_UNINITIALIZED_AUTOS = YES;
				GCC_WARN_UNUSED_FUNCTION = YES;
				GCC_WARN_UNUSED_VARIABLE = YES;
				IPHONEOS_DEPLOYMENT_TARGET = 7.0;
				SDKROOT = iphoneos;
				TARGETED_DEVICE_FAMILY = "1,2";
				VALIDATE_PRODUCT = YES;
			};
			name = Release;
		};
		093A0D9918304D1C00093ABD /* Debug */ = {
			isa = XCBuildConfiguration;
			buildSettings = {
				ASSETCATALOG_COMPILER_APPICON_NAME = AppIcon;
				ASSETCATALOG_COMPILER_LAUNCHIMAGE_NAME = LaunchImage;
				FRAMEWORK_SEARCH_PATHS = (
					"$(inherited)",
					"/Users/olivier/Les\\ petits\\ projets\\ d\\ Olivier/Projets/makeMyMouthWater",
				);
				GCC_PRECOMPILE_PREFIX_HEADER = YES;
				GCC_PREFIX_HEADER = "makeMyMouthWater/makeMyMouthWater-Prefix.pch";
				INFOPLIST_FILE = "makeMyMouthWater/makeMyMouthWater-Info.plist";
				IPHONEOS_DEPLOYMENT_TARGET = 7.0;
				PRODUCT_NAME = "$(TARGET_NAME)";
				WRAPPER_EXTENSION = app;
			};
			name = Debug;
		};
		093A0D9A18304D1C00093ABD /* Release */ = {
			isa = XCBuildConfiguration;
			buildSettings = {
				ASSETCATALOG_COMPILER_APPICON_NAME = AppIcon;
				ASSETCATALOG_COMPILER_LAUNCHIMAGE_NAME = LaunchImage;
				FRAMEWORK_SEARCH_PATHS = (
					"$(inherited)",
					"/Users/olivier/Les\\ petits\\ projets\\ d\\ Olivier/Projets/makeMyMouthWater",
				);
				GCC_PRECOMPILE_PREFIX_HEADER = YES;
				GCC_PREFIX_HEADER = "makeMyMouthWater/makeMyMouthWater-Prefix.pch";
				INFOPLIST_FILE = "makeMyMouthWater/makeMyMouthWater-Info.plist";
				IPHONEOS_DEPLOYMENT_TARGET = 7.0;
				PRODUCT_NAME = "$(TARGET_NAME)";
				WRAPPER_EXTENSION = app;
			};
			name = Release;
		};
		093A0D9C18304D1C00093ABD /* Debug */ = {
			isa = XCBuildConfiguration;
			buildSettings = {
				ARCHS = "$(ARCHS_STANDARD_INCLUDING_64_BIT)";
				BUNDLE_LOADER = "$(BUILT_PRODUCTS_DIR)/makeMyMouthWater.app/makeMyMouthWater";
				FRAMEWORK_SEARCH_PATHS = (
					"$(SDKROOT)/Developer/Library/Frameworks",
					"$(inherited)",
					"$(DEVELOPER_FRAMEWORKS_DIR)",
				);
				GCC_PRECOMPILE_PREFIX_HEADER = YES;
				GCC_PREFIX_HEADER = "makeMyMouthWater/makeMyMouthWater-Prefix.pch";
				GCC_PREPROCESSOR_DEFINITIONS = (
					"DEBUG=1",
					"$(inherited)",
				);
				INFOPLIST_FILE = "makeMyMouthWaterTests/makeMyMouthWaterTests-Info.plist";
				PRODUCT_NAME = "$(TARGET_NAME)";
				TEST_HOST = "$(BUNDLE_LOADER)";
				WRAPPER_EXTENSION = xctest;
			};
			name = Debug;
		};
		093A0D9D18304D1C00093ABD /* Release */ = {
			isa = XCBuildConfiguration;
			buildSettings = {
				ARCHS = "$(ARCHS_STANDARD_INCLUDING_64_BIT)";
				BUNDLE_LOADER = "$(BUILT_PRODUCTS_DIR)/makeMyMouthWater.app/makeMyMouthWater";
				FRAMEWORK_SEARCH_PATHS = (
					"$(SDKROOT)/Developer/Library/Frameworks",
					"$(inherited)",
					"$(DEVELOPER_FRAMEWORKS_DIR)",
				);
				GCC_PRECOMPILE_PREFIX_HEADER = YES;
				GCC_PREFIX_HEADER = "makeMyMouthWater/makeMyMouthWater-Prefix.pch";
				INFOPLIST_FILE = "makeMyMouthWaterTests/makeMyMouthWaterTests-Info.plist";
				PRODUCT_NAME = "$(TARGET_NAME)";
				TEST_HOST = "$(BUNDLE_LOADER)";
				WRAPPER_EXTENSION = xctest;
			};
			name = Release;
		};
/* End XCBuildConfiguration section */

/* Begin XCConfigurationList section */
		093A0D5E18304D1C00093ABD /* Build configuration list for PBXProject "makeMyMouthWater" */ = {
			isa = XCConfigurationList;
			buildConfigurations = (
				093A0D9618304D1C00093ABD /* Debug */,
				093A0D9718304D1C00093ABD /* Release */,
			);
			defaultConfigurationIsVisible = 0;
			defaultConfigurationName = Release;
		};
		093A0D9818304D1C00093ABD /* Build configuration list for PBXNativeTarget "makeMyMouthWater" */ = {
			isa = XCConfigurationList;
			buildConfigurations = (
				093A0D9918304D1C00093ABD /* Debug */,
				093A0D9A18304D1C00093ABD /* Release */,
			);
			defaultConfigurationIsVisible = 0;
			defaultConfigurationName = Release;
		};
		093A0D9B18304D1C00093ABD /* Build configuration list for PBXNativeTarget "makeMyMouthWaterTests" */ = {
			isa = XCConfigurationList;
			buildConfigurations = (
				093A0D9C18304D1C00093ABD /* Debug */,
				093A0D9D18304D1C00093ABD /* Release */,
			);
			defaultConfigurationIsVisible = 0;
			defaultConfigurationName = Release;
		};
/* End XCConfigurationList section */

/* Begin XCVersionGroup section */
		0985BCF21831975600424307 /* menuCoreDataModel.xcdatamodeld */ = {
			isa = XCVersionGroup;
			children = (
				0985BCF31831975600424307 /* menuCoreDataModel.xcdatamodel */,
			);
			currentVersion = 0985BCF31831975600424307 /* menuCoreDataModel.xcdatamodel */;
			path = menuCoreDataModel.xcdatamodeld;
			sourceTree = "<group>";
			versionGroupType = wrapper.xcdatamodel;
		};
/* End XCVersionGroup section */
	};
	rootObject = 093A0D5B18304D1C00093ABD /* Project object */;
}
