// !$*UTF8*$!
{
	archiveVersion = 1;
	classes = {
	};
	objectVersion = 46;
	objects = {

/* Begin PBXBuildFile section */
		093A0D6718304D1C00093ABD /* Foundation.framework in Frameworks */ = {isa = PBXBuildFile; fileRef = 093A0D6618304D1C00093ABD /* Foundation.framework */; };
		093A0D6918304D1C00093ABD /* CoreGraphics.framework in Frameworks */ = {isa = PBXBuildFile; fileRef = 093A0D6818304D1C00093ABD /* CoreGraphics.framework */; };
		093A0D6B18304D1C00093ABD /* UIKit.framework in Frameworks */ = {isa = PBXBuildFile; fileRef = 093A0D6A18304D1C00093ABD /* UIKit.framework */; };
		093A0D7118304D1C00093ABD /* InfoPlist.strings in Resources */ = {isa = PBXBuildFile; fileRef = 093A0D6F18304D1C00093ABD /* InfoPlist.strings */; };
		093A0D7318304D1C00093ABD /* main.m in Sources */ = {isa = PBXBuildFile; fileRef = 093A0D7218304D1C00093ABD /* main.m */; };
		093A0D7718304D1C00093ABD /* MAAppDelegate.m in Sources */ = {isa = PBXBuildFile; fileRef = 093A0D7618304D1C00093ABD /* MAAppDelegate.m */; };
		093A0D7A18304D1C00093ABD /* Main_iPhone.storyboard in Resources */ = {isa = PBXBuildFile; fileRef = 093A0D7818304D1C00093ABD /* Main_iPhone.storyboard */; };
		093A0D7D18304D1C00093ABD /* Main_iPad.storyboard in Resources */ = {isa = PBXBuildFile; fileRef = 093A0D7B18304D1C00093ABD /* Main_iPad.storyboard */; };
		093A0D8018304D1C00093ABD /* MAViewController.m in Sources */ = {isa = PBXBuildFile; fileRef = 093A0D7F18304D1C00093ABD /* MAViewController.m */; };
		093A0D8218304D1C00093ABD /* Images.xcassets in Resources */ = {isa = PBXBuildFile; fileRef = 093A0D8118304D1C00093ABD /* Images.xcassets */; };
		093A0D8918304D1C00093ABD /* XCTest.framework in Frameworks */ = {isa = PBXBuildFile; fileRef = 093A0D8818304D1C00093ABD /* XCTest.framework */; };
		093A0D8A18304D1C00093ABD /* Foundation.framework in Frameworks */ = {isa = PBXBuildFile; fileRef = 093A0D6618304D1C00093ABD /* Foundation.framework */; };
		093A0D8B18304D1C00093ABD /* UIKit.framework in Frameworks */ = {isa = PBXBuildFile; fileRef = 093A0D6A18304D1C00093ABD /* UIKit.framework */; };
		093A0D9318304D1C00093ABD /* InfoPlist.strings in Resources */ = {isa = PBXBuildFile; fileRef = 093A0D9118304D1C00093ABD /* InfoPlist.strings */; };
		093A0D9518304D1C00093ABD /* makeMyMouthWaterTests.m in Sources */ = {isa = PBXBuildFile; fileRef = 093A0D9418304D1C00093ABD /* makeMyMouthWaterTests.m */; };
		093A0DA918304DAC00093ABD /* ODChildVC.m in Sources */ = {isa = PBXBuildFile; fileRef = 093A0DA318304DAC00093ABD /* ODChildVC.m */; };
		093A0DAA18304DAC00093ABD /* ODChildView.xib in Resources */ = {isa = PBXBuildFile; fileRef = 093A0DA418304DAC00093ABD /* ODChildView.xib */; };
		093A0DAB18304DAC00093ABD /* ODViewController.m in Sources */ = {isa = PBXBuildFile; fileRef = 093A0DA618304DAC00093ABD /* ODViewController.m */; };
		093A0DAC18304DAC00093ABD /* ODViewController.xib in Resources */ = {isa = PBXBuildFile; fileRef = 093A0DA718304DAC00093ABD /* ODViewController.xib */; };
		093A0DB118304E0B00093ABD /* bar.jpg in Resources */ = {isa = PBXBuildFile; fileRef = 093A0DAD18304E0B00093ABD /* bar.jpg */; };
		093A0DB218304E0B00093ABD /* bouteille.jpg in Resources */ = {isa = PBXBuildFile; fileRef = 093A0DAE18304E0B00093ABD /* bouteille.jpg */; };
		093A0DB318304E0B00093ABD /* cuisine.jpg in Resources */ = {isa = PBXBuildFile; fileRef = 093A0DAF18304E0B00093ABD /* cuisine.jpg */; };
		093A0DB418304E0B00093ABD /* table.jpg in Resources */ = {isa = PBXBuildFile; fileRef = 093A0DB018304E0B00093ABD /* table.jpg */; };
		093A0DBE18304EA000093ABD /* LOLoginVC.m in Sources */ = {isa = PBXBuildFile; fileRef = 093A0DBA18304EA000093ABD /* LOLoginVC.m */; };
		093A0DBF18304EA000093ABD /* LORegisterVC.m in Sources */ = {isa = PBXBuildFile; fileRef = 093A0DBC18304EA000093ABD /* LORegisterVC.m */; };
		093A0DC118304EE800093ABD /* Parse.framework in Frameworks */ = {isa = PBXBuildFile; fileRef = 093A0DC018304EE800093ABD /* Parse.framework */; };
		093A0DC318304F5500093ABD /* AudioToolbox.framework in Frameworks */ = {isa = PBXBuildFile; fileRef = 093A0DC218304F5500093ABD /* AudioToolbox.framework */; };
		093A0DC518304F5C00093ABD /* CFNetwork.framework in Frameworks */ = {isa = PBXBuildFile; fileRef = 093A0DC418304F5C00093ABD /* CFNetwork.framework */; };
		093A0DC718304F6D00093ABD /* CoreLocation.framework in Frameworks */ = {isa = PBXBuildFile; fileRef = 093A0DC618304F6D00093ABD /* CoreLocation.framework */; };
		093A0DC918304F7600093ABD /* libz.1.1.3.dylib in Frameworks */ = {isa = PBXBuildFile; fileRef = 093A0DC818304F7600093ABD /* libz.1.1.3.dylib */; };
		093A0DCB18304F7F00093ABD /* MobileCoreServices.framework in Frameworks */ = {isa = PBXBuildFile; fileRef = 093A0DCA18304F7F00093ABD /* MobileCoreServices.framework */; };
		093A0DCD18304F8800093ABD /* QuartzCore.framework in Frameworks */ = {isa = PBXBuildFile; fileRef = 093A0DCC18304F8800093ABD /* QuartzCore.framework */; };
		093A0DCF18304F9500093ABD /* Security.framework in Frameworks */ = {isa = PBXBuildFile; fileRef = 093A0DCE18304F9500093ABD /* Security.framework */; };
		093A0DD118304F9C00093ABD /* StoreKit.framework in Frameworks */ = {isa = PBXBuildFile; fileRef = 093A0DD018304F9C00093ABD /* StoreKit.framework */; };
		093A0DD318304FA700093ABD /* SystemConfiguration.framework in Frameworks */ = {isa = PBXBuildFile; fileRef = 093A0DD218304FA700093ABD /* SystemConfiguration.framework */; };
/* End PBXBuildFile section */

/* Begin PBXContainerItemProxy section */
		093A0D8C18304D1C00093ABD /* PBXContainerItemProxy */ = {
			isa = PBXContainerItemProxy;
			containerPortal = 093A0D5B18304D1C00093ABD /* Project object */;
			proxyType = 1;
			remoteGlobalIDString = 093A0D6218304D1C00093ABD;
			remoteInfo = makeMyMouthWater;
		};
/* End PBXContainerItemProxy section */

/* Begin PBXFileReference section */
		093A0D6318304D1C00093ABD /* makeMyMouthWater.app */ = {isa = PBXFileReference; explicitFileType = wrapper.application; includeInIndex = 0; path = makeMyMouthWater.app; sourceTree = BUILT_PRODUCTS_DIR; };
		093A0D6618304D1C00093ABD /* Foundation.framework */ = {isa = PBXFileReference; lastKnownFileType = wrapper.framework; name = Foundation.framework; path = System/Library/Frameworks/Foundation.framework; sourceTree = SDKROOT; };
		093A0D6818304D1C00093ABD /* CoreGraphics.framework */ = {isa = PBXFileReference; lastKnownFileType = wrapper.framework; name = CoreGraphics.framework; path = System/Library/Frameworks/CoreGraphics.framework; sourceTree = SDKROOT; };
		093A0D6A18304D1C00093ABD /* UIKit.framework */ = {isa = PBXFileReference; lastKnownFileType = wrapper.framework; name = UIKit.framework; path = System/Library/Frameworks/UIKit.framework; sourceTree = SDKROOT; };
		093A0D6E18304D1C00093ABD /* makeMyMouthWater-Info.plist */ = {isa = PBXFileReference; lastKnownFileType = text.plist.xml; path = "makeMyMouthWater-Info.plist"; sourceTree = "<group>"; };
		093A0D7018304D1C00093ABD /* en */ = {isa = PBXFileReference; lastKnownFileType = text.plist.strings; name = en; path = en.lproj/InfoPlist.strings; sourceTree = "<group>"; };
		093A0D7218304D1C00093ABD /* main.m */ = {isa = PBXFileReference; lastKnownFileType = sourcecode.c.objc; path = main.m; sourceTree = "<group>"; };
		093A0D7418304D1C00093ABD /* makeMyMouthWater-Prefix.pch */ = {isa = PBXFileReference; lastKnownFileType = sourcecode.c.h; path = "makeMyMouthWater-Prefix.pch"; sourceTree = "<group>"; };
		093A0D7518304D1C00093ABD /* MAAppDelegate.h */ = {isa = PBXFileReference; lastKnownFileType = sourcecode.c.h; path = MAAppDelegate.h; sourceTree = "<group>"; };
		093A0D7618304D1C00093ABD /* MAAppDelegate.m */ = {isa = PBXFileReference; lastKnownFileType = sourcecode.c.objc; path = MAAppDelegate.m; sourceTree = "<group>"; };
		093A0D7918304D1C00093ABD /* Base */ = {isa = PBXFileReference; lastKnownFileType = file.storyboard; name = Base; path = Base.lproj/Main_iPhone.storyboard; sourceTree = "<group>"; };
		093A0D7C18304D1C00093ABD /* Base */ = {isa = PBXFileReference; lastKnownFileType = file.storyboard; name = Base; path = Base.lproj/Main_iPad.storyboard; sourceTree = "<group>"; };
		093A0D7E18304D1C00093ABD /* MAViewController.h */ = {isa = PBXFileReference; lastKnownFileType = sourcecode.c.h; path = MAViewController.h; sourceTree = "<group>"; };
		093A0D7F18304D1C00093ABD /* MAViewController.m */ = {isa = PBXFileReference; lastKnownFileType = sourcecode.c.objc; path = MAViewController.m; sourceTree = "<group>"; };
		093A0D8118304D1C00093ABD /* Images.xcassets */ = {isa = PBXFileReference; lastKnownFileType = folder.assetcatalog; path = Images.xcassets; sourceTree = "<group>"; };
		093A0D8718304D1C00093ABD /* makeMyMouthWaterTests.xctest */ = {isa = PBXFileReference; explicitFileType = wrapper.cfbundle; includeInIndex = 0; path = makeMyMouthWaterTests.xctest; sourceTree = BUILT_PRODUCTS_DIR; };
		093A0D8818304D1C00093ABD /* XCTest.framework */ = {isa = PBXFileReference; lastKnownFileType = wrapper.framework; name = XCTest.framework; path = Library/Frameworks/XCTest.framework; sourceTree = DEVELOPER_DIR; };
		093A0D9018304D1C00093ABD /* makeMyMouthWaterTests-Info.plist */ = {isa = PBXFileReference; lastKnownFileType = text.plist.xml; path = "makeMyMouthWaterTests-Info.plist"; sourceTree = "<group>"; };
		093A0D9218304D1C00093ABD /* en */ = {isa = PBXFileReference; lastKnownFileType = text.plist.strings; name = en; path = en.lproj/InfoPlist.strings; sourceTree = "<group>"; };
		093A0D9418304D1C00093ABD /* makeMyMouthWaterTests.m */ = {isa = PBXFileReference; lastKnownFileType = sourcecode.c.objc; path = makeMyMouthWaterTests.m; sourceTree = "<group>"; };
		093A0DA218304DAC00093ABD /* ODChildVC.h */ = {isa = PBXFileReference; fileEncoding = 4; lastKnownFileType = sourcecode.c.h; path = ODChildVC.h; sourceTree = "<group>"; };
		093A0DA318304DAC00093ABD /* ODChildVC.m */ = {isa = PBXFileReference; fileEncoding = 4; lastKnownFileType = sourcecode.c.objc; path = ODChildVC.m; sourceTree = "<group>"; };
		093A0DA418304DAC00093ABD /* ODChildView.xib */ = {isa = PBXFileReference; fileEncoding = 4; lastKnownFileType = file.xib; path = ODChildView.xib; sourceTree = "<group>"; };
		093A0DA518304DAC00093ABD /* ODViewController.h */ = {isa = PBXFileReference; fileEncoding = 4; lastKnownFileType = sourcecode.c.h; path = ODViewController.h; sourceTree = "<group>"; };
		093A0DA618304DAC00093ABD /* ODViewController.m */ = {isa = PBXFileReference; fileEncoding = 4; lastKnownFileType = sourcecode.c.objc; path = ODViewController.m; sourceTree = "<group>"; };
		093A0DA718304DAC00093ABD /* ODViewController.xib */ = {isa = PBXFileReference; fileEncoding = 4; lastKnownFileType = file.xib; path = ODViewController.xib; sourceTree = "<group>"; };
		093A0DAD18304E0B00093ABD /* bar.jpg */ = {isa = PBXFileReference; lastKnownFileType = image.jpeg; path = bar.jpg; sourceTree = "<group>"; };
		093A0DAE18304E0B00093ABD /* bouteille.jpg */ = {isa = PBXFileReference; lastKnownFileType = image.jpeg; path = bouteille.jpg; sourceTree = "<group>"; };
		093A0DAF18304E0B00093ABD /* cuisine.jpg */ = {isa = PBXFileReference; lastKnownFileType = image.jpeg; path = cuisine.jpg; sourceTree = "<group>"; };
		093A0DB018304E0B00093ABD /* table.jpg */ = {isa = PBXFileReference; lastKnownFileType = image.jpeg; path = table.jpg; sourceTree = "<group>"; };
		093A0DB918304EA000093ABD /* LOLoginVC.h */ = {isa = PBXFileReference; fileEncoding = 4; lastKnownFileType = sourcecode.c.h; path = LOLoginVC.h; sourceTree = "<group>"; };
		093A0DBA18304EA000093ABD /* LOLoginVC.m */ = {isa = PBXFileReference; fileEncoding = 4; lastKnownFileType = sourcecode.c.objc; path = LOLoginVC.m; sourceTree = "<group>"; };
		093A0DBB18304EA000093ABD /* LORegisterVC.h */ = {isa = PBXFileReference; fileEncoding = 4; lastKnownFileType = sourcecode.c.h; path = LORegisterVC.h; sourceTree = "<group>"; };
		093A0DBC18304EA000093ABD /* LORegisterVC.m */ = {isa = PBXFileReference; fileEncoding = 4; lastKnownFileType = sourcecode.c.objc; path = LORegisterVC.m; sourceTree = "<group>"; };
		093A0DC018304EE800093ABD /* Parse.framework */ = {isa = PBXFileReference; lastKnownFileType = wrapper.framework; path = Parse.framework; sourceTree = "<group>"; };
		093A0DC218304F5500093ABD /* AudioToolbox.framework */ = {isa = PBXFileReference; lastKnownFileType = wrapper.framework; name = AudioToolbox.framework; path = System/Library/Frameworks/AudioToolbox.framework; sourceTree = SDKROOT; };
		093A0DC418304F5C00093ABD /* CFNetwork.framework */ = {isa = PBXFileReference; lastKnownFileType = wrapper.framework; name = CFNetwork.framework; path = System/Library/Frameworks/CFNetwork.framework; sourceTree = SDKROOT; };
		093A0DC618304F6D00093ABD /* CoreLocation.framework */ = {isa = PBXFileReference; lastKnownFileType = wrapper.framework; name = CoreLocation.framework; path = System/Library/Frameworks/CoreLocation.framework; sourceTree = SDKROOT; };
		093A0DC818304F7600093ABD /* libz.1.1.3.dylib */ = {isa = PBXFileReference; lastKnownFileType = "compiled.mach-o.dylib"; name = libz.1.1.3.dylib; path = usr/lib/libz.1.1.3.dylib; sourceTree = SDKROOT; };
		093A0DCA18304F7F00093ABD /* MobileCoreServices.framework */ = {isa = PBXFileReference; lastKnownFileType = wrapper.framework; name = MobileCoreServices.framework; path = System/Library/Frameworks/MobileCoreServices.framework; sourceTree = SDKROOT; };
		093A0DCC18304F8800093ABD /* QuartzCore.framework */ = {isa = PBXFileReference; lastKnownFileType = wrapper.framework; name = QuartzCore.framework; path = System/Library/Frameworks/QuartzCore.framework; sourceTree = SDKROOT; };
		093A0DCE18304F9500093ABD /* Security.framework */ = {isa = PBXFileReference; lastKnownFileType = wrapper.framework; name = Security.framework; path = System/Library/Frameworks/Security.framework; sourceTree = SDKROOT; };
		093A0DD018304F9C00093ABD /* StoreKit.framework */ = {isa = PBXFileReference; lastKnownFileType = wrapper.framework; name = StoreKit.framework; path = System/Library/Frameworks/StoreKit.framework; sourceTree = SDKROOT; };
		093A0DD218304FA700093ABD /* SystemConfiguration.framework */ = {isa = PBXFileReference; lastKnownFileType = wrapper.framework; name = SystemConfiguration.framework; path = System/Library/Frameworks/SystemConfiguration.framework; sourceTree = SDKROOT; };
/* End PBXFileReference section */

/* Begin PBXFrameworksBuildPhase section */
		093A0D6018304D1C00093ABD /* Frameworks */ = {
			isa = PBXFrameworksBuildPhase;
			buildActionMask = 2147483647;
			files = (
				093A0DD318304FA700093ABD /* SystemConfiguration.framework in Frameworks */,
				093A0DD118304F9C00093ABD /* StoreKit.framework in Frameworks */,
				093A0DCF18304F9500093ABD /* Security.framework in Frameworks */,
				093A0DCD18304F8800093ABD /* QuartzCore.framework in Frameworks */,
				093A0DCB18304F7F00093ABD /* MobileCoreServices.framework in Frameworks */,
				093A0DC918304F7600093ABD /* libz.1.1.3.dylib in Frameworks */,
				093A0DC718304F6D00093ABD /* CoreLocation.framework in Frameworks */,
				093A0D6918304D1C00093ABD /* CoreGraphics.framework in Frameworks */,
				093A0DC518304F5C00093ABD /* CFNetwork.framework in Frameworks */,
				093A0DC318304F5500093ABD /* AudioToolbox.framework in Frameworks */,
				093A0D6B18304D1C00093ABD /* UIKit.framework in Frameworks */,
				093A0DC118304EE800093ABD /* Parse.framework in Frameworks */,
				093A0D6718304D1C00093ABD /* Foundation.framework in Frameworks */,
			);
			runOnlyForDeploymentPostprocessing = 0;
		};
		093A0D8418304D1C00093ABD /* Frameworks */ = {
			isa = PBXFrameworksBuildPhase;
			buildActionMask = 2147483647;
			files = (
				093A0D8918304D1C00093ABD /* XCTest.framework in Frameworks */,
				093A0D8B18304D1C00093ABD /* UIKit.framework in Frameworks */,
				093A0D8A18304D1C00093ABD /* Foundation.framework in Frameworks */,
			);
			runOnlyForDeploymentPostprocessing = 0;
		};
/* End PBXFrameworksBuildPhase section */

/* Begin PBXGroup section */
		093A0D5A18304D1C00093ABD = {
			isa = PBXGroup;
			children = (
				093A0D6C18304D1C00093ABD /* makeMyMouthWater */,
				093A0D8E18304D1C00093ABD /* makeMyMouthWaterTests */,
				093A0D6518304D1C00093ABD /* Frameworks */,
				093A0D6418304D1C00093ABD /* Products */,
			);
			sourceTree = "<group>";
		};
		093A0D6418304D1C00093ABD /* Products */ = {
			isa = PBXGroup;
			children = (
				093A0D6318304D1C00093ABD /* makeMyMouthWater.app */,
				093A0D8718304D1C00093ABD /* makeMyMouthWaterTests.xctest */,
			);
			name = Products;
			sourceTree = "<group>";
		};
		093A0D6518304D1C00093ABD /* Frameworks */ = {
			isa = PBXGroup;
			children = (
				093A0DD218304FA700093ABD /* SystemConfiguration.framework */,
				093A0DD018304F9C00093ABD /* StoreKit.framework */,
				093A0DCE18304F9500093ABD /* Security.framework */,
				093A0DCC18304F8800093ABD /* QuartzCore.framework */,
				093A0DCA18304F7F00093ABD /* MobileCoreServices.framework */,
				093A0DC818304F7600093ABD /* libz.1.1.3.dylib */,
				093A0DC618304F6D00093ABD /* CoreLocation.framework */,
				093A0DC418304F5C00093ABD /* CFNetwork.framework */,
				093A0DC218304F5500093ABD /* AudioToolbox.framework */,
				093A0DC018304EE800093ABD /* Parse.framework */,
				093A0D6618304D1C00093ABD /* Foundation.framework */,
				093A0D6818304D1C00093ABD /* CoreGraphics.framework */,
				093A0D6A18304D1C00093ABD /* UIKit.framework */,
				093A0D8818304D1C00093ABD /* XCTest.framework */,
			);
			name = Frameworks;
			sourceTree = "<group>";
		};
		093A0D6C18304D1C00093ABD /* makeMyMouthWater */ = {
			isa = PBXGroup;
			children = (
				093A0DB618304E8500093ABD /* loginParse */,
				093A0D9E18304D7800093ABD /* introTuto */,
				093A0D7518304D1C00093ABD /* MAAppDelegate.h */,
				093A0D7618304D1C00093ABD /* MAAppDelegate.m */,
				093A0D7818304D1C00093ABD /* Main_iPhone.storyboard */,
				093A0D7B18304D1C00093ABD /* Main_iPad.storyboard */,
				093A0D7E18304D1C00093ABD /* MAViewController.h */,
				093A0D7F18304D1C00093ABD /* MAViewController.m */,
				093A0D8118304D1C00093ABD /* Images.xcassets */,
				093A0D6D18304D1C00093ABD /* Supporting Files */,
			);
			path = makeMyMouthWater;
			sourceTree = "<group>";
		};
		093A0D6D18304D1C00093ABD /* Supporting Files */ = {
			isa = PBXGroup;
			children = (
				093A0D9F18304D8A00093ABD /* introTuto */,
				093A0D6E18304D1C00093ABD /* makeMyMouthWater-Info.plist */,
				093A0D6F18304D1C00093ABD /* InfoPlist.strings */,
				093A0D7218304D1C00093ABD /* main.m */,
				093A0D7418304D1C00093ABD /* makeMyMouthWater-Prefix.pch */,
			);
			name = "Supporting Files";
			sourceTree = "<group>";
		};
		093A0D8E18304D1C00093ABD /* makeMyMouthWaterTests */ = {
			isa = PBXGroup;
			children = (
				093A0D9418304D1C00093ABD /* makeMyMouthWaterTests.m */,
				093A0D8F18304D1C00093ABD /* Supporting Files */,
			);
			path = makeMyMouthWaterTests;
			sourceTree = "<group>";
		};
		093A0D8F18304D1C00093ABD /* Supporting Files */ = {
			isa = PBXGroup;
			children = (
				093A0D9018304D1C00093ABD /* makeMyMouthWaterTests-Info.plist */,
				093A0D9118304D1C00093ABD /* InfoPlist.strings */,
			);
			name = "Supporting Files";
			sourceTree = "<group>";
		};
		093A0D9E18304D7800093ABD /* introTuto */ = {
			isa = PBXGroup;
			children = (
				093A0DA218304DAC00093ABD /* ODChildVC.h */,
				093A0DA318304DAC00093ABD /* ODChildVC.m */,
				093A0DA418304DAC00093ABD /* ODChildView.xib */,
				093A0DA518304DAC00093ABD /* ODViewController.h */,
				093A0DA618304DAC00093ABD /* ODViewController.m */,
				093A0DA718304DAC00093ABD /* ODViewController.xib */,
			);
			name = introTuto;
			sourceTree = "<group>";
		};
		093A0D9F18304D8A00093ABD /* introTuto */ = {
			isa = PBXGroup;
			children = (
				093A0DAD18304E0B00093ABD /* bar.jpg */,
				093A0DAE18304E0B00093ABD /* bouteille.jpg */,
				093A0DAF18304E0B00093ABD /* cuisine.jpg */,
				093A0DB018304E0B00093ABD /* table.jpg */,
			);
			name = introTuto;
			sourceTree = "<group>";
		};
		093A0DB618304E8500093ABD /* loginParse */ = {
			isa = PBXGroup;
			children = (
				093A0DB918304EA000093ABD /* LOLoginVC.h */,
				093A0DBA18304EA000093ABD /* LOLoginVC.m */,
				093A0DBB18304EA000093ABD /* LORegisterVC.h */,
				093A0DBC18304EA000093ABD /* LORegisterVC.m */,
			);
			name = loginParse;
			sourceTree = "<group>";
		};
/* End PBXGroup section */

/* Begin PBXNativeTarget section */
		093A0D6218304D1C00093ABD /* makeMyMouthWater */ = {
			isa = PBXNativeTarget;
			buildConfigurationList = 093A0D9818304D1C00093ABD /* Build configuration list for PBXNativeTarget "makeMyMouthWater" */;
			buildPhases = (
				093A0D5F18304D1C00093ABD /* Sources */,
				093A0D6018304D1C00093ABD /* Frameworks */,
				093A0D6118304D1C00093ABD /* Resources */,
			);
			buildRules = (
			);
			dependencies = (
			);
			name = makeMyMouthWater;
			productName = makeMyMouthWater;
			productReference = 093A0D6318304D1C00093ABD /* makeMyMouthWater.app */;
			productType = "com.apple.product-type.application";
		};
		093A0D8618304D1C00093ABD /* makeMyMouthWaterTests */ = {
			isa = PBXNativeTarget;
			buildConfigurationList = 093A0D9B18304D1C00093ABD /* Build configuration list for PBXNativeTarget "makeMyMouthWaterTests" */;
			buildPhases = (
				093A0D8318304D1C00093ABD /* Sources */,
				093A0D8418304D1C00093ABD /* Frameworks */,
				093A0D8518304D1C00093ABD /* Resources */,
			);
			buildRules = (
			);
			dependencies = (
				093A0D8D18304D1C00093ABD /* PBXTargetDependency */,
			);
			name = makeMyMouthWaterTests;
			productName = makeMyMouthWaterTests;
			productReference = 093A0D8718304D1C00093ABD /* makeMyMouthWaterTests.xctest */;
			productType = "com.apple.product-type.bundle.unit-test";
		};
/* End PBXNativeTarget section */

/* Begin PBXProject section */
		093A0D5B18304D1C00093ABD /* Project object */ = {
			isa = PBXProject;
			attributes = {
				CLASSPREFIX = MA;
				LastUpgradeCheck = 0500;
				ORGANIZATIONNAME = "Olivier Delecueillerie";
				TargetAttributes = {
					093A0D8618304D1C00093ABD = {
						TestTargetID = 093A0D6218304D1C00093ABD;
					};
				};
			};
			buildConfigurationList = 093A0D5E18304D1C00093ABD /* Build configuration list for PBXProject "makeMyMouthWater" */;
			compatibilityVersion = "Xcode 3.2";
			developmentRegion = English;
			hasScannedForEncodings = 0;
			knownRegions = (
				en,
				Base,
			);
			mainGroup = 093A0D5A18304D1C00093ABD;
			productRefGroup = 093A0D6418304D1C00093ABD /* Products */;
			projectDirPath = "";
			projectRoot = "";
			targets = (
				093A0D6218304D1C00093ABD /* makeMyMouthWater */,
				093A0D8618304D1C00093ABD /* makeMyMouthWaterTests */,
			);
		};
/* End PBXProject section */

/* Begin PBXResourcesBuildPhase section */
		093A0D6118304D1C00093ABD /* Resources */ = {
			isa = PBXResourcesBuildPhase;
			buildActionMask = 2147483647;
			files = (
				093A0DAA18304DAC00093ABD /* ODChildView.xib in Resources */,
				093A0DB218304E0B00093ABD /* bouteille.jpg in Resources */,
				093A0D7D18304D1C00093ABD /* Main_iPad.storyboard in Resources */,
				093A0D8218304D1C00093ABD /* Images.xcassets in Resources */,
				093A0DB418304E0B00093ABD /* table.jpg in Resources */,
				093A0D7A18304D1C00093ABD /* Main_iPhone.storyboard in Resources */,
				093A0DB318304E0B00093ABD /* cuisine.jpg in Resources */,
				093A0DB118304E0B00093ABD /* bar.jpg in Resources */,
				093A0D7118304D1C00093ABD /* InfoPlist.strings in Resources */,
				093A0DAC18304DAC00093ABD /* ODViewController.xib in Resources */,
			);
			runOnlyForDeploymentPostprocessing = 0;
		};
		093A0D8518304D1C00093ABD /* Resources */ = {
			isa = PBXResourcesBuildPhase;
			buildActionMask = 2147483647;
			files = (
				093A0D9318304D1C00093ABD /* InfoPlist.strings in Resources */,
			);
			runOnlyForDeploymentPostprocessing = 0;
		};
/* End PBXResourcesBuildPhase section */

/* Begin PBXSourcesBuildPhase section */
		093A0D5F18304D1C00093ABD /* Sources */ = {
			isa = PBXSourcesBuildPhase;
			buildActionMask = 2147483647;
			files = (
				093A0D7718304D1C00093ABD /* MAAppDelegate.m in Sources */,
				093A0D8018304D1C00093ABD /* MAViewController.m in Sources */,
				093A0DBF18304EA000093ABD /* LORegisterVC.m in Sources */,
				093A0DBE18304EA000093ABD /* LOLoginVC.m in Sources */,
				093A0D7318304D1C00093ABD /* main.m in Sources */,
				093A0DA918304DAC00093ABD /* ODChildVC.m in Sources */,
				093A0DAB18304DAC00093ABD /* ODViewController.m in Sources */,
			);
			runOnlyForDeploymentPostprocessing = 0;
		};
		093A0D8318304D1C00093ABD /* Sources */ = {
			isa = PBXSourcesBuildPhase;
			buildActionMask = 2147483647;
			files = (
				093A0D9518304D1C00093ABD /* makeMyMouthWaterTests.m in Sources */,
			);
			runOnlyForDeploymentPostprocessing = 0;
		};
/* End PBXSourcesBuildPhase section */

/* Begin PBXTargetDependency section */
		093A0D8D18304D1C00093ABD /* PBXTargetDependency */ = {
			isa = PBXTargetDependency;
			target = 093A0D6218304D1C00093ABD /* makeMyMouthWater */;
			targetProxy = 093A0D8C18304D1C00093ABD /* PBXContainerItemProxy */;
		};
/* End PBXTargetDependency section */

/* Begin PBXVariantGroup section */
		093A0D6F18304D1C00093ABD /* InfoPlist.strings */ = {
			isa = PBXVariantGroup;
			children = (
				093A0D7018304D1C00093ABD /* en */,
			);
			name = InfoPlist.strings;
			sourceTree = "<group>";
		};
		093A0D7818304D1C00093ABD /* Main_iPhone.storyboard */ = {
			isa = PBXVariantGroup;
			children = (
				093A0D7918304D1C00093ABD /* Base */,
			);
			name = Main_iPhone.storyboard;
			sourceTree = "<group>";
		};
		093A0D7B18304D1C00093ABD /* Main_iPad.storyboard */ = {
			isa = PBXVariantGroup;
			children = (
				093A0D7C18304D1C00093ABD /* Base */,
			);
			name = Main_iPad.storyboard;
			sourceTree = "<group>";
		};
		093A0D9118304D1C00093ABD /* InfoPlist.strings */ = {
			isa = PBXVariantGroup;
			children = (
				093A0D9218304D1C00093ABD /* en */,
			);
			name = InfoPlist.strings;
			sourceTree = "<group>";
		};
/* End PBXVariantGroup section */

/* Begin XCBuildConfiguration section */
		093A0D9618304D1C00093ABD /* Debug */ = {
			isa = XCBuildConfiguration;
			buildSettings = {
				ALWAYS_SEARCH_USER_PATHS = NO;
				ARCHS = "$(ARCHS_STANDARD_INCLUDING_64_BIT)";
				CLANG_CXX_LANGUAGE_STANDARD = "gnu++0x";
				CLANG_CXX_LIBRARY = "libc++";
				CLANG_ENABLE_MODULES = YES;
				CLANG_ENABLE_OBJC_ARC = YES;
				CLANG_WARN_BOOL_CONVERSION = YES;
				CLANG_WARN_CONSTANT_CONVERSION = YES;
				CLANG_WARN_DIRECT_OBJC_ISA_USAGE = YES_ERROR;
				CLANG_WARN_EMPTY_BODY = YES;
				CLANG_WARN_ENUM_CONVERSION = YES;
				CLANG_WARN_INT_CONVERSION = YES;
				CLANG_WARN_OBJC_ROOT_CLASS = YES_ERROR;
				CLANG_WARN__DUPLICATE_METHOD_MATCH = YES;
				"CODE_SIGN_IDENTITY[sdk=iphoneos*]" = "iPhone Developer";
				COPY_PHASE_STRIP = NO;
				GCC_C_LANGUAGE_STANDARD = gnu99;
				GCC_DYNAMIC_NO_PIC = NO;
				GCC_OPTIMIZATION_LEVEL = 0;
				GCC_PREPROCESSOR_DEFINITIONS = (
					"DEBUG=1",
					"$(inherited)",
				);
				GCC_SYMBOLS_PRIVATE_EXTERN = NO;
				GCC_WARN_64_TO_32_BIT_CONVERSION = YES;
				GCC_WARN_ABOUT_RETURN_TYPE = YES_ERROR;
				GCC_WARN_UNDECLARED_SELECTOR = YES;
				GCC_WARN_UNINITIALIZED_AUTOS = YES;
				GCC_WARN_UNUSED_FUNCTION = YES;
				GCC_WARN_UNUSED_VARIABLE = YES;
				IPHONEOS_DEPLOYMENT_TARGET = 7.0;
				ONLY_ACTIVE_ARCH = YES;
				SDKROOT = iphoneos;
				TARGETED_DEVICE_FAMILY = "1,2";
			};
			name = Debug;
		};
		093A0D9718304D1C00093ABD /* Release */ = {
			isa = XCBuildConfiguration;
			buildSettings = {
				ALWAYS_SEARCH_USER_PATHS = NO;
				ARCHS = "$(ARCHS_STANDARD_INCLUDING_64_BIT)";
				CLANG_CXX_LANGUAGE_STANDARD = "gnu++0x";
				CLANG_CXX_LIBRARY = "libc++";
				CLANG_ENABLE_MODULES = YES;
				CLANG_ENABLE_OBJC_ARC = YES;
				CLANG_WARN_BOOL_CONVERSION = YES;
				CLANG_WARN_CONSTANT_CONVERSION = YES;
				CLANG_WARN_DIRECT_OBJC_ISA_USAGE = YES_ERROR;
				CLANG_WARN_EMPTY_BODY = YES;
				CLANG_WARN_ENUM_CONVERSION = YES;
				CLANG_WARN_INT_CONVERSION = YES;
				CLANG_WARN_OBJC_ROOT_CLASS = YES_ERROR;
				CLANG_WARN__DUPLICATE_METHOD_MATCH = YES;
				"CODE_SIGN_IDENTITY[sdk=iphoneos*]" = "iPhone Developer";
				COPY_PHASE_STRIP = YES;
				ENABLE_NS_ASSERTIONS = NO;
				GCC_C_LANGUAGE_STANDARD = gnu99;
				GCC_WARN_64_TO_32_BIT_CONVERSION = YES;
				GCC_WARN_ABOUT_RETURN_TYPE = YES_ERROR;
				GCC_WARN_UNDECLARED_SELECTOR = YES;
				GCC_WARN_UNINITIALIZED_AUTOS = YES;
				GCC_WARN_UNUSED_FUNCTION = YES;
				GCC_WARN_UNUSED_VARIABLE = YES;
				IPHONEOS_DEPLOYMENT_TARGET = 7.0;
				SDKROOT = iphoneos;
				TARGETED_DEVICE_FAMILY = "1,2";
				VALIDATE_PRODUCT = YES;
			};
			name = Release;
		};
		093A0D9918304D1C00093ABD /* Debug */ = {
			isa = XCBuildConfiguration;
			buildSettings = {
				ASSETCATALOG_COMPILER_APPICON_NAME = AppIcon;
				ASSETCATALOG_COMPILER_LAUNCHIMAGE_NAME = LaunchImage;
				FRAMEWORK_SEARCH_PATHS = (
					"$(inherited)",
					"/Users/olivier/Les\\ petits\\ projets\\ d\\ Olivier/Projets/makeMyMouthWater",
				);
				GCC_PRECOMPILE_PREFIX_HEADER = YES;
				GCC_PREFIX_HEADER = "makeMyMouthWater/makeMyMouthWater-Prefix.pch";
				INFOPLIST_FILE = "makeMyMouthWater/makeMyMouthWater-Info.plist";
				PRODUCT_NAME = "$(TARGET_NAME)";
				WRAPPER_EXTENSION = app;
			};
			name = Debug;
		};
		093A0D9A18304D1C00093ABD /* Release */ = {
			isa = XCBuildConfiguration;
			buildSettings = {
				ASSETCATALOG_COMPILER_APPICON_NAME = AppIcon;
				ASSETCATALOG_COMPILER_LAUNCHIMAGE_NAME = LaunchImage;
				FRAMEWORK_SEARCH_PATHS = (
					"$(inherited)",
					"/Users/olivier/Les\\ petits\\ projets\\ d\\ Olivier/Projets/makeMyMouthWater",
				);
				GCC_PRECOMPILE_PREFIX_HEADER = YES;
				GCC_PREFIX_HEADER = "makeMyMouthWater/makeMyMouthWater-Prefix.pch";
				INFOPLIST_FILE = "makeMyMouthWater/makeMyMouthWater-Info.plist";
				PRODUCT_NAME = "$(TARGET_NAME)";
				WRAPPER_EXTENSION = app;
			};
			name = Release;
		};
		093A0D9C18304D1C00093ABD /* Debug */ = {
			isa = XCBuildConfiguration;
			buildSettings = {
				ARCHS = "$(ARCHS_STANDARD_INCLUDING_64_BIT)";
				BUNDLE_LOADER = "$(BUILT_PRODUCTS_DIR)/makeMyMouthWater.app/makeMyMouthWater";
				FRAMEWORK_SEARCH_PATHS = (
					"$(SDKROOT)/Developer/Library/Frameworks",
					"$(inherited)",
					"$(DEVELOPER_FRAMEWORKS_DIR)",
				);
				GCC_PRECOMPILE_PREFIX_HEADER = YES;
				GCC_PREFIX_HEADER = "makeMyMouthWater/makeMyMouthWater-Prefix.pch";
				GCC_PREPROCESSOR_DEFINITIONS = (
					"DEBUG=1",
					"$(inherited)",
				);
				INFOPLIST_FILE = "makeMyMouthWaterTests/makeMyMouthWaterTests-Info.plist";
				PRODUCT_NAME = "$(TARGET_NAME)";
				TEST_HOST = "$(BUNDLE_LOADER)";
				WRAPPER_EXTENSION = xctest;
			};
			name = Debug;
		};
		093A0D9D18304D1C00093ABD /* Release */ = {
			isa = XCBuildConfiguration;
			buildSettings = {
				ARCHS = "$(ARCHS_STANDARD_INCLUDING_64_BIT)";
				BUNDLE_LOADER = "$(BUILT_PRODUCTS_DIR)/makeMyMouthWater.app/makeMyMouthWater";
				FRAMEWORK_SEARCH_PATHS = (
					"$(SDKROOT)/Developer/Library/Frameworks",
					"$(inherited)",
					"$(DEVELOPER_FRAMEWORKS_DIR)",
				);
				GCC_PRECOMPILE_PREFIX_HEADER = YES;
				GCC_PREFIX_HEADER = "makeMyMouthWater/makeMyMouthWater-Prefix.pch";
				INFOPLIST_FILE = "makeMyMouthWaterTests/makeMyMouthWaterTests-Info.plist";
				PRODUCT_NAME = "$(TARGET_NAME)";
				TEST_HOST = "$(BUNDLE_LOADER)";
				WRAPPER_EXTENSION = xctest;
			};
			name = Release;
		};
/* End XCBuildConfiguration section */

/* Begin XCConfigurationList section */
		093A0D5E18304D1C00093ABD /* Build configuration list for PBXProject "makeMyMouthWater" */ = {
			isa = XCConfigurationList;
			buildConfigurations = (
				093A0D9618304D1C00093ABD /* Debug */,
				093A0D9718304D1C00093ABD /* Release */,
			);
			defaultConfigurationIsVisible = 0;
			defaultConfigurationName = Release;
		};
		093A0D9818304D1C00093ABD /* Build configuration list for PBXNativeTarget "makeMyMouthWater" */ = {
			isa = XCConfigurationList;
			buildConfigurations = (
				093A0D9918304D1C00093ABD /* Debug */,
				093A0D9A18304D1C00093ABD /* Release */,
			);
			defaultConfigurationIsVisible = 0;
		};
		093A0D9B18304D1C00093ABD /* Build configuration list for PBXNativeTarget "makeMyMouthWaterTests" */ = {
			isa = XCConfigurationList;
			buildConfigurations = (
				093A0D9C18304D1C00093ABD /* Debug */,
				093A0D9D18304D1C00093ABD /* Release */,
			);
			defaultConfigurationIsVisible = 0;
		};
/* End XCConfigurationList section */
	};
	rootObject = 093A0D5B18304D1C00093ABD /* Project object */;
}
